// !$*UTF8*$!
{
	archiveVersion = 1;
	classes = {
	};
	objectVersion = 45;
	objects = {

/* Begin PBXBuildFile section */
		E23432430F6F12F80018BE5D /* AdMobHelper.h in Headers */ = {isa = PBXBuildFile; fileRef = E23432160F6F12F80018BE5D /* AdMobHelper.h */; };
		E23432440F6F12F80018BE5D /* AdMobHelper.m in Sources */ = {isa = PBXBuildFile; fileRef = E23432170F6F12F80018BE5D /* AdMobHelper.m */; };
		E23432450F6F12F80018BE5D /* AVAudioPlayer+Motive.h in Headers */ = {isa = PBXBuildFile; fileRef = E23432190F6F12F80018BE5D /* AVAudioPlayer+Motive.h */; };
		E23432460F6F12F80018BE5D /* AVAudioPlayer+Motive.m in Sources */ = {isa = PBXBuildFile; fileRef = E234321A0F6F12F80018BE5D /* AVAudioPlayer+Motive.m */; };
		E23432470F6F12F80018BE5D /* NSArray+Motive.h in Headers */ = {isa = PBXBuildFile; fileRef = E234321C0F6F12F80018BE5D /* NSArray+Motive.h */; };
		E23432480F6F12F80018BE5D /* NSArray+Motive.m in Sources */ = {isa = PBXBuildFile; fileRef = E234321D0F6F12F80018BE5D /* NSArray+Motive.m */; };
		E23432490F6F12F80018BE5D /* NSDictionary+Motive.h in Headers */ = {isa = PBXBuildFile; fileRef = E234321E0F6F12F80018BE5D /* NSDictionary+Motive.h */; };
		E234324A0F6F12F80018BE5D /* NSDictionary+Motive.m in Sources */ = {isa = PBXBuildFile; fileRef = E234321F0F6F12F80018BE5D /* NSDictionary+Motive.m */; };
		E234324B0F6F12F80018BE5D /* NSString+Motive.h in Headers */ = {isa = PBXBuildFile; fileRef = E23432200F6F12F80018BE5D /* NSString+Motive.h */; };
		E234324C0F6F12F80018BE5D /* NSString+Motive.m in Sources */ = {isa = PBXBuildFile; fileRef = E23432210F6F12F80018BE5D /* NSString+Motive.m */; };
		E23432600F6F12F80018BE5D /* NSString+File.h in Headers */ = {isa = PBXBuildFile; fileRef = E234323A0F6F12F80018BE5D /* NSString+File.h */; };
		E23432610F6F12F80018BE5D /* NSString+File.m in Sources */ = {isa = PBXBuildFile; fileRef = E234323B0F6F12F80018BE5D /* NSString+File.m */; };
		E23432620F6F12F80018BE5D /* Motive.h in Headers */ = {isa = PBXBuildFile; fileRef = E234323C0F6F12F80018BE5D /* Motive.h */; };
		E23432630F6F12F80018BE5D /* motive_Prefix.pch in Headers */ = {isa = PBXBuildFile; fileRef = E234323D0F6F12F80018BE5D /* motive_Prefix.pch */; };
		E23432650F6F12F80018BE5D /* MVMacros.h in Headers */ = {isa = PBXBuildFile; fileRef = E234323F0F6F12F80018BE5D /* MVMacros.h */; };
		E23432680F6F12F80018BE5D /* AdMobHelper.m in Sources */ = {isa = PBXBuildFile; fileRef = E23432170F6F12F80018BE5D /* AdMobHelper.m */; };
		E23432690F6F12F80018BE5D /* AVAudioPlayer+Motive.m in Sources */ = {isa = PBXBuildFile; fileRef = E234321A0F6F12F80018BE5D /* AVAudioPlayer+Motive.m */; };
		E234326A0F6F12F80018BE5D /* NSArray+Motive.m in Sources */ = {isa = PBXBuildFile; fileRef = E234321D0F6F12F80018BE5D /* NSArray+Motive.m */; };
		E234326B0F6F12F80018BE5D /* NSDictionary+Motive.m in Sources */ = {isa = PBXBuildFile; fileRef = E234321F0F6F12F80018BE5D /* NSDictionary+Motive.m */; };
		E234326C0F6F12F80018BE5D /* NSString+Motive.m in Sources */ = {isa = PBXBuildFile; fileRef = E23432210F6F12F80018BE5D /* NSString+Motive.m */; };
		E23432760F6F12F80018BE5D /* NSString+File.m in Sources */ = {isa = PBXBuildFile; fileRef = E234323B0F6F12F80018BE5D /* NSString+File.m */; };
		E23435500F6F19960018BE5D /* MVLog.h in Headers */ = {isa = PBXBuildFile; fileRef = E234354F0F6F19960018BE5D /* MVLog.h */; };
		E23DB6C70F4D0263005C8EDA /* NSArray+CocoaDevUsersAdditions.h in Headers */ = {isa = PBXBuildFile; fileRef = E23DB5C50F4D0262005C8EDA /* NSArray+CocoaDevUsersAdditions.h */; };
		E23DB6C80F4D0263005C8EDA /* NSArray+CocoaDevUsersAdditions.m in Sources */ = {isa = PBXBuildFile; fileRef = E23DB5C60F4D0262005C8EDA /* NSArray+CocoaDevUsersAdditions.m */; };
		E23DB6C90F4D0263005C8EDA /* NSData+CocoaDevUsersAdditions.h in Headers */ = {isa = PBXBuildFile; fileRef = E23DB5C70F4D0262005C8EDA /* NSData+CocoaDevUsersAdditions.h */; };
		E23DB6CA0F4D0263005C8EDA /* NSData+CocoaDevUsersAdditions.m in Sources */ = {isa = PBXBuildFile; fileRef = E23DB5C80F4D0262005C8EDA /* NSData+CocoaDevUsersAdditions.m */; };
		E23DB6CB0F4D0263005C8EDA /* NSSet+CocoaDevUsersAdditions.h in Headers */ = {isa = PBXBuildFile; fileRef = E23DB5C90F4D0262005C8EDA /* NSSet+CocoaDevUsersAdditions.h */; };
		E23DB6CC0F4D0263005C8EDA /* NSSet+CocoaDevUsersAdditions.m in Sources */ = {isa = PBXBuildFile; fileRef = E23DB5CA0F4D0262005C8EDA /* NSSet+CocoaDevUsersAdditions.m */; };
		E23DB6CD0F4D0263005C8EDA /* FMDatabase.h in Headers */ = {isa = PBXBuildFile; fileRef = E23DB5CC0F4D0262005C8EDA /* FMDatabase.h */; };
		E23DB6CE0F4D0263005C8EDA /* FMDatabase.m in Sources */ = {isa = PBXBuildFile; fileRef = E23DB5CD0F4D0262005C8EDA /* FMDatabase.m */; };
		E23DB6CF0F4D0263005C8EDA /* FMDatabaseAdditions.h in Headers */ = {isa = PBXBuildFile; fileRef = E23DB5CE0F4D0262005C8EDA /* FMDatabaseAdditions.h */; };
		E23DB6D00F4D0263005C8EDA /* FMDatabaseAdditions.m in Sources */ = {isa = PBXBuildFile; fileRef = E23DB5CF0F4D0262005C8EDA /* FMDatabaseAdditions.m */; };
		E23DB6D10F4D0263005C8EDA /* FMResultSet.h in Headers */ = {isa = PBXBuildFile; fileRef = E23DB5D00F4D0262005C8EDA /* FMResultSet.h */; };
		E23DB6D20F4D0263005C8EDA /* FMResultSet.m in Sources */ = {isa = PBXBuildFile; fileRef = E23DB5D10F4D0262005C8EDA /* FMResultSet.m */; };
		E23DB6D30F4D0263005C8EDA /* SynthesizeSingleton.h in Headers */ = {isa = PBXBuildFile; fileRef = E23DB5D40F4D0262005C8EDA /* SynthesizeSingleton.h */; };
		E23DB6E90F4D0263005C8EDA /* GTMDebugSelectorValidation.h in Headers */ = {isa = PBXBuildFile; fileRef = E23DB5F90F4D0262005C8EDA /* GTMDebugSelectorValidation.h */; };
		E23DB7310F4D0263005C8EDA /* GTM_Prefix.pch in Headers */ = {isa = PBXBuildFile; fileRef = E23DB6490F4D0262005C8EDA /* GTM_Prefix.pch */; };
		E23DB7320F4D0263005C8EDA /* GTMDefines.h in Headers */ = {isa = PBXBuildFile; fileRef = E23DB64A0F4D0262005C8EDA /* GTMDefines.h */; };
		E23DB7380F4D0263005C8EDA /* GTMIPhoneUnitTestDelegate.h in Headers */ = {isa = PBXBuildFile; fileRef = E23DB6590F4D0262005C8EDA /* GTMIPhoneUnitTestDelegate.h */; };
		E23DB73F0F4D0263005C8EDA /* GTMSenTestCase.h in Headers */ = {isa = PBXBuildFile; fileRef = E23DB6600F4D0262005C8EDA /* GTMSenTestCase.h */; };
		E23DB7660F4D0263005C8EDA /* ThreadUtil.h in Headers */ = {isa = PBXBuildFile; fileRef = E23DB6C30F4D0263005C8EDA /* ThreadUtil.h */; };
		E23DB7670F4D0263005C8EDA /* ThreadUtil.m in Sources */ = {isa = PBXBuildFile; fileRef = E23DB6C40F4D0263005C8EDA /* ThreadUtil.m */; };
		E23DBE8F0F4E25F3005C8EDA /* GTMIPhoneUnitTestDelegate.m in Sources */ = {isa = PBXBuildFile; fileRef = E23DB65A0F4D0262005C8EDA /* GTMIPhoneUnitTestDelegate.m */; };
		E23DBE900F4E25F3005C8EDA /* GTMIPhoneUnitTestMain.m in Sources */ = {isa = PBXBuildFile; fileRef = E23DB65B0F4D0262005C8EDA /* GTMIPhoneUnitTestMain.m */; };
		E23DBE910F4E25F3005C8EDA /* GTMSenTestCase.m in Sources */ = {isa = PBXBuildFile; fileRef = E23DB6610F4D0262005C8EDA /* GTMSenTestCase.m */; };
		E23DBEAC0F4E26DF005C8EDA /* ThreadUtil.m in Sources */ = {isa = PBXBuildFile; fileRef = E23DB6C40F4D0263005C8EDA /* ThreadUtil.m */; };
		E23DBF6A0F4E2800005C8EDA /* AVFoundation.framework in Frameworks */ = {isa = PBXBuildFile; fileRef = E23DBF690F4E2800005C8EDA /* AVFoundation.framework */; };
		E23DBF6B0F4E2800005C8EDA /* AVFoundation.framework in Frameworks */ = {isa = PBXBuildFile; fileRef = E23DBF690F4E2800005C8EDA /* AVFoundation.framework */; };
		E23DBF6D0F4E2817005C8EDA /* UIKit.framework in Frameworks */ = {isa = PBXBuildFile; fileRef = E23DBF6C0F4E2817005C8EDA /* UIKit.framework */; };
		E23DBF6E0F4E2817005C8EDA /* UIKit.framework in Frameworks */ = {isa = PBXBuildFile; fileRef = E23DBF6C0F4E2817005C8EDA /* UIKit.framework */; };
		E23DC0050F4E2852005C8EDA /* Foundation.framework in Frameworks */ = {isa = PBXBuildFile; fileRef = 0867D69BFE84028FC02AAC07 /* Foundation.framework */; };
/* End PBXBuildFile section */

/* Begin PBXFileReference section */
		0867D69BFE84028FC02AAC07 /* Foundation.framework */ = {isa = PBXFileReference; lastKnownFileType = wrapper.framework; name = Foundation.framework; path = /System/Library/Frameworks/Foundation.framework; sourceTree = "<absolute>"; };
		D2AAC07E0554694100DB518D /* libmotive.a */ = {isa = PBXFileReference; explicitFileType = archive.ar; includeInIndex = 0; path = libmotive.a; sourceTree = BUILT_PRODUCTS_DIR; };
		E23432160F6F12F80018BE5D /* AdMobHelper.h */ = {isa = PBXFileReference; fileEncoding = 4; lastKnownFileType = sourcecode.c.h; path = AdMobHelper.h; sourceTree = "<group>"; };
		E23432170F6F12F80018BE5D /* AdMobHelper.m */ = {isa = PBXFileReference; fileEncoding = 4; lastKnownFileType = sourcecode.c.objc; path = AdMobHelper.m; sourceTree = "<group>"; };
		E23432190F6F12F80018BE5D /* AVAudioPlayer+Motive.h */ = {isa = PBXFileReference; fileEncoding = 4; lastKnownFileType = sourcecode.c.h; path = "AVAudioPlayer+Motive.h"; sourceTree = "<group>"; };
		E234321A0F6F12F80018BE5D /* AVAudioPlayer+Motive.m */ = {isa = PBXFileReference; fileEncoding = 4; lastKnownFileType = sourcecode.c.objc; path = "AVAudioPlayer+Motive.m"; sourceTree = "<group>"; };
		E234321C0F6F12F80018BE5D /* NSArray+Motive.h */ = {isa = PBXFileReference; fileEncoding = 4; lastKnownFileType = sourcecode.c.h; path = "NSArray+Motive.h"; sourceTree = "<group>"; };
		E234321D0F6F12F80018BE5D /* NSArray+Motive.m */ = {isa = PBXFileReference; fileEncoding = 4; lastKnownFileType = sourcecode.c.objc; path = "NSArray+Motive.m"; sourceTree = "<group>"; };
		E234321E0F6F12F80018BE5D /* NSDictionary+Motive.h */ = {isa = PBXFileReference; fileEncoding = 4; lastKnownFileType = sourcecode.c.h; path = "NSDictionary+Motive.h"; sourceTree = "<group>"; };
		E234321F0F6F12F80018BE5D /* NSDictionary+Motive.m */ = {isa = PBXFileReference; fileEncoding = 4; lastKnownFileType = sourcecode.c.objc; path = "NSDictionary+Motive.m"; sourceTree = "<group>"; };
		E23432200F6F12F80018BE5D /* NSString+Motive.h */ = {isa = PBXFileReference; fileEncoding = 4; lastKnownFileType = sourcecode.c.h; path = "NSString+Motive.h"; sourceTree = "<group>"; };
		E23432210F6F12F80018BE5D /* NSString+Motive.m */ = {isa = PBXFileReference; fileEncoding = 4; lastKnownFileType = sourcecode.c.objc; path = "NSString+Motive.m"; sourceTree = "<group>"; };
		E234323A0F6F12F80018BE5D /* NSString+File.h */ = {isa = PBXFileReference; fileEncoding = 4; lastKnownFileType = sourcecode.c.h; path = "NSString+File.h"; sourceTree = "<group>"; };
		E234323B0F6F12F80018BE5D /* NSString+File.m */ = {isa = PBXFileReference; fileEncoding = 4; lastKnownFileType = sourcecode.c.objc; path = "NSString+File.m"; sourceTree = "<group>"; };
		E234323C0F6F12F80018BE5D /* Motive.h */ = {isa = PBXFileReference; fileEncoding = 4; lastKnownFileType = sourcecode.c.h; path = Motive.h; sourceTree = "<group>"; };
		E234323D0F6F12F80018BE5D /* motive_Prefix.pch */ = {isa = PBXFileReference; fileEncoding = 4; lastKnownFileType = sourcecode.c.h; path = motive_Prefix.pch; sourceTree = "<group>"; };
		E234323F0F6F12F80018BE5D /* MVMacros.h */ = {isa = PBXFileReference; fileEncoding = 4; lastKnownFileType = sourcecode.c.h; path = MVMacros.h; sourceTree = "<group>"; };
		E234354F0F6F19960018BE5D /* MVLog.h */ = {isa = PBXFileReference; fileEncoding = 4; lastKnownFileType = sourcecode.c.h; path = MVLog.h; sourceTree = "<group>"; };
		E23DB5C50F4D0262005C8EDA /* NSArray+CocoaDevUsersAdditions.h */ = {isa = PBXFileReference; fileEncoding = 4; lastKnownFileType = sourcecode.c.h; path = "NSArray+CocoaDevUsersAdditions.h"; sourceTree = "<group>"; };
		E23DB5C60F4D0262005C8EDA /* NSArray+CocoaDevUsersAdditions.m */ = {isa = PBXFileReference; fileEncoding = 4; lastKnownFileType = sourcecode.c.objc; path = "NSArray+CocoaDevUsersAdditions.m"; sourceTree = "<group>"; };
		E23DB5C70F4D0262005C8EDA /* NSData+CocoaDevUsersAdditions.h */ = {isa = PBXFileReference; fileEncoding = 4; lastKnownFileType = sourcecode.c.h; path = "NSData+CocoaDevUsersAdditions.h"; sourceTree = "<group>"; };
		E23DB5C80F4D0262005C8EDA /* NSData+CocoaDevUsersAdditions.m */ = {isa = PBXFileReference; fileEncoding = 4; lastKnownFileType = sourcecode.c.objc; path = "NSData+CocoaDevUsersAdditions.m"; sourceTree = "<group>"; };
		E23DB5C90F4D0262005C8EDA /* NSSet+CocoaDevUsersAdditions.h */ = {isa = PBXFileReference; fileEncoding = 4; lastKnownFileType = sourcecode.c.h; path = "NSSet+CocoaDevUsersAdditions.h"; sourceTree = "<group>"; };
		E23DB5CA0F4D0262005C8EDA /* NSSet+CocoaDevUsersAdditions.m */ = {isa = PBXFileReference; fileEncoding = 4; lastKnownFileType = sourcecode.c.objc; path = "NSSet+CocoaDevUsersAdditions.m"; sourceTree = "<group>"; };
		E23DB5CC0F4D0262005C8EDA /* FMDatabase.h */ = {isa = PBXFileReference; fileEncoding = 4; lastKnownFileType = sourcecode.c.h; path = FMDatabase.h; sourceTree = "<group>"; };
		E23DB5CD0F4D0262005C8EDA /* FMDatabase.m */ = {isa = PBXFileReference; fileEncoding = 4; lastKnownFileType = sourcecode.c.objc; path = FMDatabase.m; sourceTree = "<group>"; };
		E23DB5CE0F4D0262005C8EDA /* FMDatabaseAdditions.h */ = {isa = PBXFileReference; fileEncoding = 4; lastKnownFileType = sourcecode.c.h; path = FMDatabaseAdditions.h; sourceTree = "<group>"; };
		E23DB5CF0F4D0262005C8EDA /* FMDatabaseAdditions.m */ = {isa = PBXFileReference; fileEncoding = 4; lastKnownFileType = sourcecode.c.objc; path = FMDatabaseAdditions.m; sourceTree = "<group>"; };
		E23DB5D00F4D0262005C8EDA /* FMResultSet.h */ = {isa = PBXFileReference; fileEncoding = 4; lastKnownFileType = sourcecode.c.h; path = FMResultSet.h; sourceTree = "<group>"; };
		E23DB5D10F4D0262005C8EDA /* FMResultSet.m */ = {isa = PBXFileReference; fileEncoding = 4; lastKnownFileType = sourcecode.c.objc; path = FMResultSet.m; sourceTree = "<group>"; };
		E23DB5D20F4D0262005C8EDA /* LICENSE.txt */ = {isa = PBXFileReference; fileEncoding = 4; lastKnownFileType = text; path = LICENSE.txt; sourceTree = "<group>"; };
		E23DB5D40F4D0262005C8EDA /* SynthesizeSingleton.h */ = {isa = PBXFileReference; fileEncoding = 4; lastKnownFileType = sourcecode.c.h; path = SynthesizeSingleton.h; sourceTree = "<group>"; };
		E23DB5F90F4D0262005C8EDA /* GTMDebugSelectorValidation.h */ = {isa = PBXFileReference; fileEncoding = 4; lastKnownFileType = sourcecode.c.h; path = GTMDebugSelectorValidation.h; sourceTree = "<group>"; };
		E23DB6490F4D0262005C8EDA /* GTM_Prefix.pch */ = {isa = PBXFileReference; fileEncoding = 4; lastKnownFileType = sourcecode.c.h; path = GTM_Prefix.pch; sourceTree = "<group>"; };
		E23DB64A0F4D0262005C8EDA /* GTMDefines.h */ = {isa = PBXFileReference; fileEncoding = 4; lastKnownFileType = sourcecode.c.h; path = GTMDefines.h; sourceTree = "<group>"; };
		E23DB6590F4D0262005C8EDA /* GTMIPhoneUnitTestDelegate.h */ = {isa = PBXFileReference; fileEncoding = 4; lastKnownFileType = sourcecode.c.h; path = GTMIPhoneUnitTestDelegate.h; sourceTree = "<group>"; };
		E23DB65A0F4D0262005C8EDA /* GTMIPhoneUnitTestDelegate.m */ = {isa = PBXFileReference; fileEncoding = 4; lastKnownFileType = sourcecode.c.objc; path = GTMIPhoneUnitTestDelegate.m; sourceTree = "<group>"; };
		E23DB65B0F4D0262005C8EDA /* GTMIPhoneUnitTestMain.m */ = {isa = PBXFileReference; fileEncoding = 4; lastKnownFileType = sourcecode.c.objc; path = GTMIPhoneUnitTestMain.m; sourceTree = "<group>"; };
		E23DB6600F4D0262005C8EDA /* GTMSenTestCase.h */ = {isa = PBXFileReference; fileEncoding = 4; lastKnownFileType = sourcecode.c.h; path = GTMSenTestCase.h; sourceTree = "<group>"; };
		E23DB6610F4D0262005C8EDA /* GTMSenTestCase.m */ = {isa = PBXFileReference; fileEncoding = 4; lastKnownFileType = sourcecode.c.objc; path = GTMSenTestCase.m; sourceTree = "<group>"; };
		E23DB6C30F4D0263005C8EDA /* ThreadUtil.h */ = {isa = PBXFileReference; fileEncoding = 4; lastKnownFileType = sourcecode.c.h; path = ThreadUtil.h; sourceTree = "<group>"; };
		E23DB6C40F4D0263005C8EDA /* ThreadUtil.m */ = {isa = PBXFileReference; fileEncoding = 4; lastKnownFileType = sourcecode.c.objc; path = ThreadUtil.m; sourceTree = "<group>"; };
		E23DBE720F4E2549005C8EDA /* Unit Tests.app */ = {isa = PBXFileReference; explicitFileType = wrapper.application; includeInIndex = 0; path = "Unit Tests.app"; sourceTree = BUILT_PRODUCTS_DIR; };
		E23DBF690F4E2800005C8EDA /* AVFoundation.framework */ = {isa = PBXFileReference; lastKnownFileType = wrapper.framework; name = AVFoundation.framework; path = System/Library/Frameworks/AVFoundation.framework; sourceTree = SDKROOT; };
		E23DBF6C0F4E2817005C8EDA /* UIKit.framework */ = {isa = PBXFileReference; lastKnownFileType = wrapper.framework; name = UIKit.framework; path = System/Library/Frameworks/UIKit.framework; sourceTree = SDKROOT; };
/* End PBXFileReference section */

/* Begin PBXFrameworksBuildPhase section */
		D2AAC07C0554694100DB518D /* Frameworks */ = {
			isa = PBXFrameworksBuildPhase;
			buildActionMask = 2147483647;
			files = (
				E23DBF6A0F4E2800005C8EDA /* AVFoundation.framework in Frameworks */,
				E23DBF6D0F4E2817005C8EDA /* UIKit.framework in Frameworks */,
			);
			runOnlyForDeploymentPostprocessing = 0;
		};
		E23DBE700F4E2549005C8EDA /* Frameworks */ = {
			isa = PBXFrameworksBuildPhase;
			buildActionMask = 2147483647;
			files = (
				E23DBF6B0F4E2800005C8EDA /* AVFoundation.framework in Frameworks */,
				E23DBF6E0F4E2817005C8EDA /* UIKit.framework in Frameworks */,
				E23DC0050F4E2852005C8EDA /* Foundation.framework in Frameworks */,
			);
			runOnlyForDeploymentPostprocessing = 0;
		};
/* End PBXFrameworksBuildPhase section */

/* Begin PBXGroup section */
		034768DFFF38A50411DB9C8B /* Products */ = {
			isa = PBXGroup;
			children = (
				D2AAC07E0554694100DB518D /* libmotive.a */,
				E23DBE720F4E2549005C8EDA /* Unit Tests.app */,
			);
			name = Products;
			sourceTree = "<group>";
		};
		0867D691FE84028FC02AAC07 /* motive */ = {
			isa = PBXGroup;
			children = (
				4784B29E0F368E2E00D331F4 /* Source */,
				0867D69AFE84028FC02AAC07 /* Frameworks */,
				034768DFFF38A50411DB9C8B /* Products */,
			);
			name = motive;
			sourceTree = "<group>";
		};
		0867D69AFE84028FC02AAC07 /* Frameworks */ = {
			isa = PBXGroup;
			children = (
				E23DBF6C0F4E2817005C8EDA /* UIKit.framework */,
				E23DBF690F4E2800005C8EDA /* AVFoundation.framework */,
				0867D69BFE84028FC02AAC07 /* Foundation.framework */,
			);
			name = Frameworks;
			sourceTree = "<group>";
		};
		4784B29E0F368E2E00D331F4 /* Source */ = {
			isa = PBXGroup;
			children = (
				E23DB5C30F4D0262005C8EDA /* External */,
				E23432140F6F12F80018BE5D /* Main */,
				E23DB6BC0F4D0263005C8EDA /* Test */,
			);
			path = Source;
			sourceTree = "<group>";
		};
		E23432140F6F12F80018BE5D /* Main */ = {
			isa = PBXGroup;
			children = (
				E23432150F6F12F80018BE5D /* AdMob */,
				E23432180F6F12F80018BE5D /* AV */,
				E234321B0F6F12F80018BE5D /* Extensions */,
				E23432390F6F12F80018BE5D /* IO */,
				E234323C0F6F12F80018BE5D /* Motive.h */,
				E234323D0F6F12F80018BE5D /* motive_Prefix.pch */,
				E234354F0F6F19960018BE5D /* MVLog.h */,
				E234323F0F6F12F80018BE5D /* MVMacros.h */,
			);
			path = Main;
			sourceTree = "<group>";
		};
		E23432150F6F12F80018BE5D /* AdMob */ = {
			isa = PBXGroup;
			children = (
				E23432160F6F12F80018BE5D /* AdMobHelper.h */,
				E23432170F6F12F80018BE5D /* AdMobHelper.m */,
			);
			path = AdMob;
			sourceTree = "<group>";
		};
		E23432180F6F12F80018BE5D /* AV */ = {
			isa = PBXGroup;
			children = (
				E23432190F6F12F80018BE5D /* AVAudioPlayer+Motive.h */,
				E234321A0F6F12F80018BE5D /* AVAudioPlayer+Motive.m */,
			);
			path = AV;
			sourceTree = "<group>";
		};
		E234321B0F6F12F80018BE5D /* Extensions */ = {
			isa = PBXGroup;
			children = (
				E234321C0F6F12F80018BE5D /* NSArray+Motive.h */,
				E234321D0F6F12F80018BE5D /* NSArray+Motive.m */,
				E234321E0F6F12F80018BE5D /* NSDictionary+Motive.h */,
				E234321F0F6F12F80018BE5D /* NSDictionary+Motive.m */,
				E23432200F6F12F80018BE5D /* NSString+Motive.h */,
				E23432210F6F12F80018BE5D /* NSString+Motive.m */,
			);
			path = Extensions;
			sourceTree = "<group>";
		};
		E23432390F6F12F80018BE5D /* IO */ = {
			isa = PBXGroup;
			children = (
				E234323A0F6F12F80018BE5D /* NSString+File.h */,
				E234323B0F6F12F80018BE5D /* NSString+File.m */,
			);
			path = IO;
			sourceTree = "<group>";
		};
		E23DB5C30F4D0262005C8EDA /* External */ = {
			isa = PBXGroup;
			children = (
				E23DB5C40F4D0262005C8EDA /* CocoaDev */,
				E23DB5CB0F4D0262005C8EDA /* fmdb-r55 */,
				E23DB5D30F4D0262005C8EDA /* Gallagher */,
				E23DB5D50F4D0262005C8EDA /* google-toolbox-for-mac-1-5-1 */,
			);
			path = External;
			sourceTree = "<group>";
		};
		E23DB5C40F4D0262005C8EDA /* CocoaDev */ = {
			isa = PBXGroup;
			children = (
				E23DB5C50F4D0262005C8EDA /* NSArray+CocoaDevUsersAdditions.h */,
				E23DB5C60F4D0262005C8EDA /* NSArray+CocoaDevUsersAdditions.m */,
				E23DB5C70F4D0262005C8EDA /* NSData+CocoaDevUsersAdditions.h */,
				E23DB5C80F4D0262005C8EDA /* NSData+CocoaDevUsersAdditions.m */,
				E23DB5C90F4D0262005C8EDA /* NSSet+CocoaDevUsersAdditions.h */,
				E23DB5CA0F4D0262005C8EDA /* NSSet+CocoaDevUsersAdditions.m */,
			);
			path = CocoaDev;
			sourceTree = "<group>";
		};
		E23DB5CB0F4D0262005C8EDA /* fmdb-r55 */ = {
			isa = PBXGroup;
			children = (
				E23DB5CC0F4D0262005C8EDA /* FMDatabase.h */,
				E23DB5CD0F4D0262005C8EDA /* FMDatabase.m */,
				E23DB5CE0F4D0262005C8EDA /* FMDatabaseAdditions.h */,
				E23DB5CF0F4D0262005C8EDA /* FMDatabaseAdditions.m */,
				E23DB5D00F4D0262005C8EDA /* FMResultSet.h */,
				E23DB5D10F4D0262005C8EDA /* FMResultSet.m */,
				E23DB5D20F4D0262005C8EDA /* LICENSE.txt */,
			);
			path = "fmdb-r55";
			sourceTree = "<group>";
		};
		E23DB5D30F4D0262005C8EDA /* Gallagher */ = {
			isa = PBXGroup;
			children = (
				E23DB5D40F4D0262005C8EDA /* SynthesizeSingleton.h */,
			);
			path = Gallagher;
			sourceTree = "<group>";
		};
		E23DB5D50F4D0262005C8EDA /* google-toolbox-for-mac-1-5-1 */ = {
			isa = PBXGroup;
			children = (
				E23DB5F80F4D0262005C8EDA /* DebugUtils */,
				E23DB6490F4D0262005C8EDA /* GTM_Prefix.pch */,
				E23DB64A0F4D0262005C8EDA /* GTMDefines.h */,
				E23DB6540F4D0262005C8EDA /* UnitTesting */,
			);
			path = "google-toolbox-for-mac-1-5-1";
			sourceTree = "<group>";
		};
		E23DB5F80F4D0262005C8EDA /* DebugUtils */ = {
			isa = PBXGroup;
			children = (
				E23DB5F90F4D0262005C8EDA /* GTMDebugSelectorValidation.h */,
			);
			path = DebugUtils;
			sourceTree = "<group>";
		};
		E23DB6540F4D0262005C8EDA /* UnitTesting */ = {
			isa = PBXGroup;
			children = (
				E23DB6590F4D0262005C8EDA /* GTMIPhoneUnitTestDelegate.h */,
				E23DB65A0F4D0262005C8EDA /* GTMIPhoneUnitTestDelegate.m */,
				E23DB65B0F4D0262005C8EDA /* GTMIPhoneUnitTestMain.m */,
				E23DB6600F4D0262005C8EDA /* GTMSenTestCase.h */,
				E23DB6610F4D0262005C8EDA /* GTMSenTestCase.m */,
			);
			path = UnitTesting;
			sourceTree = "<group>";
		};
		E23DB6BC0F4D0263005C8EDA /* Test */ = {
			isa = PBXGroup;
			children = (
				E23DB6C20F4D0263005C8EDA /* Process */,
			);
			path = Test;
			sourceTree = "<group>";
		};
		E23DB6C20F4D0263005C8EDA /* Process */ = {
			isa = PBXGroup;
			children = (
				E23DB6C30F4D0263005C8EDA /* ThreadUtil.h */,
				E23DB6C40F4D0263005C8EDA /* ThreadUtil.m */,
			);
			path = Process;
			sourceTree = "<group>";
		};
/* End PBXGroup section */

/* Begin PBXHeadersBuildPhase section */
		D2AAC07A0554694100DB518D /* Headers */ = {
			isa = PBXHeadersBuildPhase;
			buildActionMask = 2147483647;
			files = (
				E23DB6C70F4D0263005C8EDA /* NSArray+CocoaDevUsersAdditions.h in Headers */,
				E23DB6C90F4D0263005C8EDA /* NSData+CocoaDevUsersAdditions.h in Headers */,
				E23DB6CB0F4D0263005C8EDA /* NSSet+CocoaDevUsersAdditions.h in Headers */,
				E23DB6CD0F4D0263005C8EDA /* FMDatabase.h in Headers */,
				E23DB6CF0F4D0263005C8EDA /* FMDatabaseAdditions.h in Headers */,
				E23DB6D10F4D0263005C8EDA /* FMResultSet.h in Headers */,
				E23DB6D30F4D0263005C8EDA /* SynthesizeSingleton.h in Headers */,
				E23DB6E90F4D0263005C8EDA /* GTMDebugSelectorValidation.h in Headers */,
				E23DB7310F4D0263005C8EDA /* GTM_Prefix.pch in Headers */,
				E23DB7320F4D0263005C8EDA /* GTMDefines.h in Headers */,
				E23DB7380F4D0263005C8EDA /* GTMIPhoneUnitTestDelegate.h in Headers */,
				E23DB73F0F4D0263005C8EDA /* GTMSenTestCase.h in Headers */,
				E23DB7660F4D0263005C8EDA /* ThreadUtil.h in Headers */,
				E23432430F6F12F80018BE5D /* AdMobHelper.h in Headers */,
				E23432450F6F12F80018BE5D /* AVAudioPlayer+Motive.h in Headers */,
				E23432470F6F12F80018BE5D /* NSArray+Motive.h in Headers */,
				E23432490F6F12F80018BE5D /* NSDictionary+Motive.h in Headers */,
				E234324B0F6F12F80018BE5D /* NSString+Motive.h in Headers */,
				E23432600F6F12F80018BE5D /* NSString+File.h in Headers */,
				E23432620F6F12F80018BE5D /* Motive.h in Headers */,
				E23432630F6F12F80018BE5D /* motive_Prefix.pch in Headers */,
				E23432650F6F12F80018BE5D /* MVMacros.h in Headers */,
				E23435500F6F19960018BE5D /* MVLog.h in Headers */,
			);
			runOnlyForDeploymentPostprocessing = 0;
		};
/* End PBXHeadersBuildPhase section */

/* Begin PBXNativeTarget section */
		D2AAC07D0554694100DB518D /* motive */ = {
			isa = PBXNativeTarget;
			buildConfigurationList = 1DEB921E08733DC00010E9CD /* Build configuration list for PBXNativeTarget "motive" */;
			buildPhases = (
				D2AAC07A0554694100DB518D /* Headers */,
				D2AAC07B0554694100DB518D /* Sources */,
				D2AAC07C0554694100DB518D /* Frameworks */,
			);
			buildRules = (
			);
			dependencies = (
			);
			name = motive;
			productName = motive;
			productReference = D2AAC07E0554694100DB518D /* libmotive.a */;
			productType = "com.apple.product-type.library.static";
		};
		E23DBE710F4E2549005C8EDA /* Unit Tests */ = {
			isa = PBXNativeTarget;
			buildConfigurationList = E23DBE770F4E254A005C8EDA /* Build configuration list for PBXNativeTarget "Unit Tests" */;
			buildPhases = (
				E23DBE6E0F4E2549005C8EDA /* Resources */,
				E23DBE6F0F4E2549005C8EDA /* Sources */,
				E23DBE700F4E2549005C8EDA /* Frameworks */,
				E23DBE7F0F4E25A0005C8EDA /* ShellScript */,
			);
			buildRules = (
			);
			dependencies = (
			);
			name = "Unit Tests";
			productName = "Unit Tests";
			productReference = E23DBE720F4E2549005C8EDA /* Unit Tests.app */;
			productType = "com.apple.product-type.application";
		};
/* End PBXNativeTarget section */

/* Begin PBXProject section */
		0867D690FE84028FC02AAC07 /* Project object */ = {
			isa = PBXProject;
			buildConfigurationList = 1DEB922208733DC00010E9CD /* Build configuration list for PBXProject "motive" */;
			compatibilityVersion = "Xcode 3.1";
			hasScannedForEncodings = 1;
			mainGroup = 0867D691FE84028FC02AAC07 /* motive */;
			productRefGroup = 034768DFFF38A50411DB9C8B /* Products */;
			projectDirPath = "";
			projectRoot = "";
			targets = (
				D2AAC07D0554694100DB518D /* motive */,
				E23DBE710F4E2549005C8EDA /* Unit Tests */,
			);
		};
/* End PBXProject section */

/* Begin PBXResourcesBuildPhase section */
		E23DBE6E0F4E2549005C8EDA /* Resources */ = {
			isa = PBXResourcesBuildPhase;
			buildActionMask = 2147483647;
			files = (
			);
			runOnlyForDeploymentPostprocessing = 0;
		};
/* End PBXResourcesBuildPhase section */

/* Begin PBXShellScriptBuildPhase section */
		E23DBE7F0F4E25A0005C8EDA /* ShellScript */ = {
			isa = PBXShellScriptBuildPhase;
			buildActionMask = 2147483647;
			files = (
			);
			inputPaths = (
			);
			outputPaths = (
			);
			runOnlyForDeploymentPostprocessing = 0;
			shellPath = /bin/sh;
			shellScript = "Source/External/google-toolbox-for-mac-1-5-1/UnitTesting/RunIPhoneUnitTest.sh";
		};
/* End PBXShellScriptBuildPhase section */

/* Begin PBXSourcesBuildPhase section */
		D2AAC07B0554694100DB518D /* Sources */ = {
			isa = PBXSourcesBuildPhase;
			buildActionMask = 2147483647;
			files = (
				E23DB6C80F4D0263005C8EDA /* NSArray+CocoaDevUsersAdditions.m in Sources */,
				E23DB6CA0F4D0263005C8EDA /* NSData+CocoaDevUsersAdditions.m in Sources */,
				E23DB6CC0F4D0263005C8EDA /* NSSet+CocoaDevUsersAdditions.m in Sources */,
				E23DB6CE0F4D0263005C8EDA /* FMDatabase.m in Sources */,
				E23DB6D00F4D0263005C8EDA /* FMDatabaseAdditions.m in Sources */,
				E23DB6D20F4D0263005C8EDA /* FMResultSet.m in Sources */,
				E23DB7670F4D0263005C8EDA /* ThreadUtil.m in Sources */,
				E23432440F6F12F80018BE5D /* AdMobHelper.m in Sources */,
				E23432460F6F12F80018BE5D /* AVAudioPlayer+Motive.m in Sources */,
				E23432480F6F12F80018BE5D /* NSArray+Motive.m in Sources */,
				E234324A0F6F12F80018BE5D /* NSDictionary+Motive.m in Sources */,
				E234324C0F6F12F80018BE5D /* NSString+Motive.m in Sources */,
				E23432610F6F12F80018BE5D /* NSString+File.m in Sources */,
			);
			runOnlyForDeploymentPostprocessing = 0;
		};
		E23DBE6F0F4E2549005C8EDA /* Sources */ = {
			isa = PBXSourcesBuildPhase;
			buildActionMask = 2147483647;
			files = (
				E23DBEAC0F4E26DF005C8EDA /* ThreadUtil.m in Sources */,
				E23DBE8F0F4E25F3005C8EDA /* GTMIPhoneUnitTestDelegate.m in Sources */,
				E23DBE900F4E25F3005C8EDA /* GTMIPhoneUnitTestMain.m in Sources */,
				E23DBE910F4E25F3005C8EDA /* GTMSenTestCase.m in Sources */,
				E23432680F6F12F80018BE5D /* AdMobHelper.m in Sources */,
				E23432690F6F12F80018BE5D /* AVAudioPlayer+Motive.m in Sources */,
				E234326A0F6F12F80018BE5D /* NSArray+Motive.m in Sources */,
				E234326B0F6F12F80018BE5D /* NSDictionary+Motive.m in Sources */,
				E234326C0F6F12F80018BE5D /* NSString+Motive.m in Sources */,
				E23432760F6F12F80018BE5D /* NSString+File.m in Sources */,
			);
			runOnlyForDeploymentPostprocessing = 0;
		};
/* End PBXSourcesBuildPhase section */

/* Begin XCBuildConfiguration section */
		1DEB921F08733DC00010E9CD /* Debug */ = {
			isa = XCBuildConfiguration;
			buildSettings = {
				ALWAYS_SEARCH_USER_PATHS = NO;
				ARCHS = "$(ARCHS_STANDARD_32_BIT)";
				COPY_PHASE_STRIP = NO;
				GCC_DYNAMIC_NO_PIC = NO;
				GCC_ENABLE_FIX_AND_CONTINUE = YES;
				GCC_MODEL_TUNING = G5;
				GCC_OPTIMIZATION_LEVEL = 0;
				GCC_PRECOMPILE_PREFIX_HEADER = YES;
				GCC_PREFIX_HEADER = "$(SRCROOT)/Source/Main/motive_Prefix.pch";
				INSTALL_PATH = /usr/local/lib;
				LIBRARY_SEARCH_PATHS = (
					"$(inherited)",
					"\"$(SRCROOT)/Source/External/google-toolbox-for-mac-1-5-1/TigerGcov\"",
				);
				ONLY_ACTIVE_ARCH = YES;
				PRODUCT_NAME = motive;
			};
			name = Debug;
		};
		1DEB922008733DC00010E9CD /* Release */ = {
			isa = XCBuildConfiguration;
			buildSettings = {
				ALWAYS_SEARCH_USER_PATHS = NO;
				ARCHS = "$(ARCHS_STANDARD_32_BIT)";
				DEBUG_INFORMATION_FORMAT = "dwarf-with-dsym";
				GCC_MODEL_TUNING = G5;
				GCC_PRECOMPILE_PREFIX_HEADER = YES;
				GCC_PREFIX_HEADER = "$(SRCROOT)/Source/Main/motive_Prefix.pch";
				INSTALL_PATH = /usr/local/lib;
				LIBRARY_SEARCH_PATHS = (
					"$(inherited)",
					"\"$(SRCROOT)/Source/External/google-toolbox-for-mac-1-5-1/TigerGcov\"",
				);
				PRODUCT_NAME = motive;
			};
			name = Release;
		};
		1DEB922308733DC00010E9CD /* Debug */ = {
			isa = XCBuildConfiguration;
			buildSettings = {
				ARCHS = "$(ARCHS_STANDARD_32_BIT)";
				GCC_C_LANGUAGE_STANDARD = c99;
				GCC_OPTIMIZATION_LEVEL = 0;
				GCC_WARN_ABOUT_RETURN_TYPE = YES;
				GCC_WARN_UNUSED_VARIABLE = YES;
				ONLY_ACTIVE_ARCH = YES;
				PREBINDING = NO;
				SDKROOT = iphoneos2.2;
			};
			name = Debug;
		};
		1DEB922408733DC00010E9CD /* Release */ = {
			isa = XCBuildConfiguration;
			buildSettings = {
				ARCHS = "$(ARCHS_STANDARD_32_BIT)";
				GCC_C_LANGUAGE_STANDARD = c99;
				GCC_WARN_ABOUT_RETURN_TYPE = YES;
				GCC_WARN_UNUSED_VARIABLE = YES;
				PREBINDING = NO;
				SDKROOT = iphoneos2.2;
			};
			name = Release;
		};
		E23DBE750F4E254A005C8EDA /* Debug */ = {
			isa = XCBuildConfiguration;
			buildSettings = {
				ALWAYS_SEARCH_USER_PATHS = NO;
				CODE_SIGN_IDENTITY = "iPhone Developer";
				COPY_PHASE_STRIP = NO;
				GCC_DYNAMIC_NO_PIC = NO;
				GCC_OPTIMIZATION_LEVEL = 0;
				GCC_PRECOMPILE_PREFIX_HEADER = YES;
				GCC_PREFIX_HEADER = "$(SRCROOT)/Source/External/google-toolbox-for-mac-1-5-1/GTM_Prefix.pch";
				INSTALL_PATH = "$(HOME)/Applications";
				OTHER_LDFLAGS = (
					"-framework",
					Foundation,
					"-framework",
					UIKit,
				);
				PREBINDING = NO;
				PRODUCT_NAME = "Unit Tests";
				SDKROOT = iphoneos2.2.1;
			};
			name = Debug;
		};
		E23DBE760F4E254A005C8EDA /* Release */ = {
			isa = XCBuildConfiguration;
			buildSettings = {
				ALWAYS_SEARCH_USER_PATHS = NO;
				CODE_SIGN_IDENTITY = "iPhone Developer";
				COPY_PHASE_STRIP = YES;
				DEBUG_INFORMATION_FORMAT = "dwarf-with-dsym";
				GCC_ENABLE_FIX_AND_CONTINUE = NO;
				GCC_PRECOMPILE_PREFIX_HEADER = YES;
				GCC_PREFIX_HEADER = "$(SRCROOT)/Source/External/google-toolbox-for-mac-1-5-1/GTM_Prefix.pch";
				INSTALL_PATH = "$(HOME)/Applications";
				OTHER_LDFLAGS = (
					"-framework",
					Foundation,
					"-framework",
					UIKit,
				);
				PREBINDING = NO;
				PRODUCT_NAME = "Unit Tests";
				SDKROOT = iphoneos2.2.1;
				ZERO_LINK = NO;
			};
			name = Release;
		};
/* End XCBuildConfiguration section */

/* Begin XCConfigurationList section */
		1DEB921E08733DC00010E9CD /* Build configuration list for PBXNativeTarget "motive" */ = {
			isa = XCConfigurationList;
			buildConfigurations = (
				1DEB921F08733DC00010E9CD /* Debug */,
				1DEB922008733DC00010E9CD /* Release */,
			);
			defaultConfigurationIsVisible = 0;
			defaultConfigurationName = Release;
		};
		1DEB922208733DC00010E9CD /* Build configuration list for PBXProject "motive" */ = {
			isa = XCConfigurationList;
			buildConfigurations = (
				1DEB922308733DC00010E9CD /* Debug */,
				1DEB922408733DC00010E9CD /* Release */,
			);
			defaultConfigurationIsVisible = 0;
			defaultConfigurationName = Release;
		};
		E23DBE770F4E254A005C8EDA /* Build configuration list for PBXNativeTarget "Unit Tests" */ = {
			isa = XCConfigurationList;
			buildConfigurations = (
				E23DBE750F4E254A005C8EDA /* Debug */,
				E23DBE760F4E254A005C8EDA /* Release */,
			);
			defaultConfigurationIsVisible = 0;
			defaultConfigurationName = Release;
		};
/* End XCConfigurationList section */
	};
	rootObject = 0867D690FE84028FC02AAC07 /* Project object */;
}
