// !$*UTF8*$!
{
	archiveVersion = 1;
	classes = {
	};
	objectVersion = 45;
	objects = {

/* Begin PBXBuildFile section */
		47B7ACA0117EB5F80058A6CA /* motive.xcconfig in Resources */ = {isa = PBXBuildFile; fileRef = 47B7AC9F117EB5F80058A6CA /* motive.xcconfig */; };
		E23DB6D30F4D0263005C8EDA /* SynthesizeSingleton.h in Headers */ = {isa = PBXBuildFile; fileRef = E23DB5D40F4D0262005C8EDA /* SynthesizeSingleton.h */; };
		E23DB7660F4D0263005C8EDA /* MVThreadUtil.h in Headers */ = {isa = PBXBuildFile; fileRef = E23DB6C30F4D0263005C8EDA /* MVThreadUtil.h */; };
		E23DB7670F4D0263005C8EDA /* MVThreadUtil.m in Sources */ = {isa = PBXBuildFile; fileRef = E23DB6C40F4D0263005C8EDA /* MVThreadUtil.m */; };
		E23DBEAC0F4E26DF005C8EDA /* MVThreadUtil.m in Sources */ = {isa = PBXBuildFile; fileRef = E23DB6C40F4D0263005C8EDA /* MVThreadUtil.m */; };
		E23DBF6A0F4E2800005C8EDA /* AVFoundation.framework in Frameworks */ = {isa = PBXBuildFile; fileRef = E23DBF690F4E2800005C8EDA /* AVFoundation.framework */; };
		E23DBF6B0F4E2800005C8EDA /* AVFoundation.framework in Frameworks */ = {isa = PBXBuildFile; fileRef = E23DBF690F4E2800005C8EDA /* AVFoundation.framework */; };
		E23DBF6D0F4E2817005C8EDA /* UIKit.framework in Frameworks */ = {isa = PBXBuildFile; fileRef = E23DBF6C0F4E2817005C8EDA /* UIKit.framework */; };
		E23DBF6E0F4E2817005C8EDA /* UIKit.framework in Frameworks */ = {isa = PBXBuildFile; fileRef = E23DBF6C0F4E2817005C8EDA /* UIKit.framework */; };
		E23DC0050F4E2852005C8EDA /* Foundation.framework in Frameworks */ = {isa = PBXBuildFile; fileRef = 0867D69BFE84028FC02AAC07 /* Foundation.framework */; };
		E2BCDF590FBFE22000EBB41F /* MVAdMobHelper.h in Headers */ = {isa = PBXBuildFile; fileRef = E2BCDF490FBFE22000EBB41F /* MVAdMobHelper.h */; };
		E2BCDF5A0FBFE22000EBB41F /* MVAdMobHelper.m in Sources */ = {isa = PBXBuildFile; fileRef = E2BCDF4A0FBFE22000EBB41F /* MVAdMobHelper.m */; };
		E2BCDF5B0FBFE22000EBB41F /* AVAudioPlayer+Motive.h in Headers */ = {isa = PBXBuildFile; fileRef = E2BCDF4B0FBFE22000EBB41F /* AVAudioPlayer+Motive.h */; };
		E2BCDF5C0FBFE22000EBB41F /* AVAudioPlayer+Motive.m in Sources */ = {isa = PBXBuildFile; fileRef = E2BCDF4C0FBFE22000EBB41F /* AVAudioPlayer+Motive.m */; };
		E2BCDF5D0FBFE22000EBB41F /* MVPrelude.h in Headers */ = {isa = PBXBuildFile; fileRef = E2BCDF4D0FBFE22000EBB41F /* MVPrelude.h */; };
		E2BCDF5E0FBFE22000EBB41F /* motive_Prefix.pch in Headers */ = {isa = PBXBuildFile; fileRef = E2BCDF4E0FBFE22000EBB41F /* motive_Prefix.pch */; };
		E2BCDF5F0FBFE22000EBB41F /* MVLog.h in Headers */ = {isa = PBXBuildFile; fileRef = E2BCDF4F0FBFE22000EBB41F /* MVLog.h */; };
		E2BCDF600FBFE22000EBB41F /* MVMacros.h in Headers */ = {isa = PBXBuildFile; fileRef = E2BCDF500FBFE22000EBB41F /* MVMacros.h */; };
		E2BCDF610FBFE22000EBB41F /* NSArray+Motive.h in Headers */ = {isa = PBXBuildFile; fileRef = E2BCDF510FBFE22000EBB41F /* NSArray+Motive.h */; };
		E2BCDF620FBFE22000EBB41F /* NSArray+Motive.m in Sources */ = {isa = PBXBuildFile; fileRef = E2BCDF520FBFE22000EBB41F /* NSArray+Motive.m */; };
		E2BCDF630FBFE22000EBB41F /* NSDictionary+Motive.h in Headers */ = {isa = PBXBuildFile; fileRef = E2BCDF530FBFE22000EBB41F /* NSDictionary+Motive.h */; };
		E2BCDF640FBFE22000EBB41F /* NSDictionary+Motive.m in Sources */ = {isa = PBXBuildFile; fileRef = E2BCDF540FBFE22000EBB41F /* NSDictionary+Motive.m */; };
		E2BCDF670FBFE22000EBB41F /* NSString+Motive.h in Headers */ = {isa = PBXBuildFile; fileRef = E2BCDF570FBFE22000EBB41F /* NSString+Motive.h */; };
		E2BCDF680FBFE22000EBB41F /* NSString+Motive.m in Sources */ = {isa = PBXBuildFile; fileRef = E2BCDF580FBFE22000EBB41F /* NSString+Motive.m */; };
		E2BCDF690FBFE22000EBB41F /* MVAdMobHelper.m in Sources */ = {isa = PBXBuildFile; fileRef = E2BCDF4A0FBFE22000EBB41F /* MVAdMobHelper.m */; };
		E2BCDF6A0FBFE22000EBB41F /* AVAudioPlayer+Motive.m in Sources */ = {isa = PBXBuildFile; fileRef = E2BCDF4C0FBFE22000EBB41F /* AVAudioPlayer+Motive.m */; };
		E2BCDF6B0FBFE22000EBB41F /* NSArray+Motive.m in Sources */ = {isa = PBXBuildFile; fileRef = E2BCDF520FBFE22000EBB41F /* NSArray+Motive.m */; };
		E2BCDF6C0FBFE22000EBB41F /* NSDictionary+Motive.m in Sources */ = {isa = PBXBuildFile; fileRef = E2BCDF540FBFE22000EBB41F /* NSDictionary+Motive.m */; };
		E2BCDF6E0FBFE22000EBB41F /* NSString+Motive.m in Sources */ = {isa = PBXBuildFile; fileRef = E2BCDF580FBFE22000EBB41F /* NSString+Motive.m */; };
		E2BCDFCD0FBFEA2B00EBB41F /* NSDate+Motive.h in Headers */ = {isa = PBXBuildFile; fileRef = E2BCDFCB0FBFEA2B00EBB41F /* NSDate+Motive.h */; };
		E2BCDFCE0FBFEA2B00EBB41F /* NSDate+Motive.m in Sources */ = {isa = PBXBuildFile; fileRef = E2BCDFCC0FBFEA2B00EBB41F /* NSDate+Motive.m */; };
		E2BCDFCF0FBFEA2B00EBB41F /* NSDate+Motive.m in Sources */ = {isa = PBXBuildFile; fileRef = E2BCDFCC0FBFEA2B00EBB41F /* NSDate+Motive.m */; };
		E2E310B60FCF8B6C00E7961B /* UIView+Motive.h in Headers */ = {isa = PBXBuildFile; fileRef = E2E310B40FCF8B6C00E7961B /* UIView+Motive.h */; };
		E2E310B70FCF8B6C00E7961B /* UIView+Motive.m in Sources */ = {isa = PBXBuildFile; fileRef = E2E310B50FCF8B6C00E7961B /* UIView+Motive.m */; };
		E2E310B80FCF8B6C00E7961B /* UIView+Motive.m in Sources */ = {isa = PBXBuildFile; fileRef = E2E310B50FCF8B6C00E7961B /* UIView+Motive.m */; };
/* End PBXBuildFile section */

/* Begin PBXFileReference section */
		0867D69BFE84028FC02AAC07 /* Foundation.framework */ = {isa = PBXFileReference; lastKnownFileType = wrapper.framework; name = Foundation.framework; path = /System/Library/Frameworks/Foundation.framework; sourceTree = "<absolute>"; };
		47B7AC9F117EB5F80058A6CA /* motive.xcconfig */ = {isa = PBXFileReference; fileEncoding = 4; lastKnownFileType = text.xcconfig; path = motive.xcconfig; sourceTree = "<group>"; };
		D2AAC07E0554694100DB518D /* libmotive.a */ = {isa = PBXFileReference; explicitFileType = archive.ar; includeInIndex = 0; path = libmotive.a; sourceTree = BUILT_PRODUCTS_DIR; };
		E23DB5D40F4D0262005C8EDA /* SynthesizeSingleton.h */ = {isa = PBXFileReference; fileEncoding = 4; lastKnownFileType = sourcecode.c.h; path = SynthesizeSingleton.h; sourceTree = "<group>"; };
		E23DB6C30F4D0263005C8EDA /* MVThreadUtil.h */ = {isa = PBXFileReference; fileEncoding = 4; lastKnownFileType = sourcecode.c.h; path = MVThreadUtil.h; sourceTree = "<group>"; };
		E23DB6C40F4D0263005C8EDA /* MVThreadUtil.m */ = {isa = PBXFileReference; fileEncoding = 4; lastKnownFileType = sourcecode.c.objc; path = MVThreadUtil.m; sourceTree = "<group>"; };
		E23DBE720F4E2549005C8EDA /* Unit Tests.app */ = {isa = PBXFileReference; explicitFileType = wrapper.application; includeInIndex = 0; path = "Unit Tests.app"; sourceTree = BUILT_PRODUCTS_DIR; };
		E23DBF690F4E2800005C8EDA /* AVFoundation.framework */ = {isa = PBXFileReference; lastKnownFileType = wrapper.framework; name = AVFoundation.framework; path = System/Library/Frameworks/AVFoundation.framework; sourceTree = SDKROOT; };
		E23DBF6C0F4E2817005C8EDA /* UIKit.framework */ = {isa = PBXFileReference; lastKnownFileType = wrapper.framework; name = UIKit.framework; path = System/Library/Frameworks/UIKit.framework; sourceTree = SDKROOT; };
		E25EDB8F0FC0FA3D003B974B /* README */ = {isa = PBXFileReference; fileEncoding = 4; lastKnownFileType = text; path = README; sourceTree = "<group>"; };
		E2BCDF490FBFE22000EBB41F /* MVAdMobHelper.h */ = {isa = PBXFileReference; fileEncoding = 4; lastKnownFileType = sourcecode.c.h; path = MVAdMobHelper.h; sourceTree = "<group>"; };
		E2BCDF4A0FBFE22000EBB41F /* MVAdMobHelper.m */ = {isa = PBXFileReference; fileEncoding = 4; lastKnownFileType = sourcecode.c.objc; path = MVAdMobHelper.m; sourceTree = "<group>"; };
		E2BCDF4B0FBFE22000EBB41F /* AVAudioPlayer+Motive.h */ = {isa = PBXFileReference; fileEncoding = 4; lastKnownFileType = sourcecode.c.h; path = "AVAudioPlayer+Motive.h"; sourceTree = "<group>"; };
		E2BCDF4C0FBFE22000EBB41F /* AVAudioPlayer+Motive.m */ = {isa = PBXFileReference; fileEncoding = 4; lastKnownFileType = sourcecode.c.objc; path = "AVAudioPlayer+Motive.m"; sourceTree = "<group>"; };
		E2BCDF4D0FBFE22000EBB41F /* MVPrelude.h */ = {isa = PBXFileReference; fileEncoding = 4; lastKnownFileType = sourcecode.c.h; path = MVPrelude.h; sourceTree = "<group>"; };
		E2BCDF4E0FBFE22000EBB41F /* motive_Prefix.pch */ = {isa = PBXFileReference; fileEncoding = 4; lastKnownFileType = sourcecode.c.h; path = motive_Prefix.pch; sourceTree = "<group>"; };
		E2BCDF4F0FBFE22000EBB41F /* MVLog.h */ = {isa = PBXFileReference; fileEncoding = 4; lastKnownFileType = sourcecode.c.h; path = MVLog.h; sourceTree = "<group>"; };
		E2BCDF500FBFE22000EBB41F /* MVMacros.h */ = {isa = PBXFileReference; fileEncoding = 4; lastKnownFileType = sourcecode.c.h; path = MVMacros.h; sourceTree = "<group>"; };
		E2BCDF510FBFE22000EBB41F /* NSArray+Motive.h */ = {isa = PBXFileReference; fileEncoding = 4; lastKnownFileType = sourcecode.c.h; path = "NSArray+Motive.h"; sourceTree = "<group>"; };
		E2BCDF520FBFE22000EBB41F /* NSArray+Motive.m */ = {isa = PBXFileReference; fileEncoding = 4; lastKnownFileType = sourcecode.c.objc; path = "NSArray+Motive.m"; sourceTree = "<group>"; };
		E2BCDF530FBFE22000EBB41F /* NSDictionary+Motive.h */ = {isa = PBXFileReference; fileEncoding = 4; lastKnownFileType = sourcecode.c.h; path = "NSDictionary+Motive.h"; sourceTree = "<group>"; };
		E2BCDF540FBFE22000EBB41F /* NSDictionary+Motive.m */ = {isa = PBXFileReference; fileEncoding = 4; lastKnownFileType = sourcecode.c.objc; path = "NSDictionary+Motive.m"; sourceTree = "<group>"; };
		E2BCDF570FBFE22000EBB41F /* NSString+Motive.h */ = {isa = PBXFileReference; fileEncoding = 4; lastKnownFileType = sourcecode.c.h; path = "NSString+Motive.h"; sourceTree = "<group>"; };
		E2BCDF580FBFE22000EBB41F /* NSString+Motive.m */ = {isa = PBXFileReference; fileEncoding = 4; lastKnownFileType = sourcecode.c.objc; path = "NSString+Motive.m"; sourceTree = "<group>"; };
		E2BCDFCB0FBFEA2B00EBB41F /* NSDate+Motive.h */ = {isa = PBXFileReference; fileEncoding = 4; lastKnownFileType = sourcecode.c.h; path = "NSDate+Motive.h"; sourceTree = "<group>"; };
		E2BCDFCC0FBFEA2B00EBB41F /* NSDate+Motive.m */ = {isa = PBXFileReference; fileEncoding = 4; lastKnownFileType = sourcecode.c.objc; path = "NSDate+Motive.m"; sourceTree = "<group>"; };
		E2E310B40FCF8B6C00E7961B /* UIView+Motive.h */ = {isa = PBXFileReference; fileEncoding = 4; lastKnownFileType = sourcecode.c.h; path = "UIView+Motive.h"; sourceTree = "<group>"; };
		E2E310B50FCF8B6C00E7961B /* UIView+Motive.m */ = {isa = PBXFileReference; fileEncoding = 4; lastKnownFileType = sourcecode.c.objc; path = "UIView+Motive.m"; sourceTree = "<group>"; };
/* End PBXFileReference section */

/* Begin PBXFrameworksBuildPhase section */
		D2AAC07C0554694100DB518D /* Frameworks */ = {
			isa = PBXFrameworksBuildPhase;
			buildActionMask = 2147483647;
			files = (
				E23DBF6A0F4E2800005C8EDA /* AVFoundation.framework in Frameworks */,
				E23DBF6D0F4E2817005C8EDA /* UIKit.framework in Frameworks */,
			);
			runOnlyForDeploymentPostprocessing = 0;
		};
		E23DBE700F4E2549005C8EDA /* Frameworks */ = {
			isa = PBXFrameworksBuildPhase;
			buildActionMask = 2147483647;
			files = (
				E23DBF6B0F4E2800005C8EDA /* AVFoundation.framework in Frameworks */,
				E23DBF6E0F4E2817005C8EDA /* UIKit.framework in Frameworks */,
				E23DC0050F4E2852005C8EDA /* Foundation.framework in Frameworks */,
			);
			runOnlyForDeploymentPostprocessing = 0;
		};
/* End PBXFrameworksBuildPhase section */

/* Begin PBXGroup section */
		034768DFFF38A50411DB9C8B /* Products */ = {
			isa = PBXGroup;
			children = (
				D2AAC07E0554694100DB518D /* libmotive.a */,
				E23DBE720F4E2549005C8EDA /* Unit Tests.app */,
			);
			name = Products;
			sourceTree = "<group>";
		};
		0867D691FE84028FC02AAC07 /* motive */ = {
			isa = PBXGroup;
			children = (
				E25EDB8F0FC0FA3D003B974B /* README */,
				E23DB6BC0F4D0263005C8EDA /* test */,
				E23432140F6F12F80018BE5D /* src */,
				0867D69AFE84028FC02AAC07 /* Frameworks */,
				034768DFFF38A50411DB9C8B /* Products */,
				47B7AC9F117EB5F80058A6CA /* motive.xcconfig */,
			);
			name = motive;
			sourceTree = "<group>";
		};
		0867D69AFE84028FC02AAC07 /* Frameworks */ = {
			isa = PBXGroup;
			children = (
				E23DBF6C0F4E2817005C8EDA /* UIKit.framework */,
				E23DBF690F4E2800005C8EDA /* AVFoundation.framework */,
				0867D69BFE84028FC02AAC07 /* Foundation.framework */,
			);
			name = Frameworks;
			sourceTree = "<group>";
		};
		E23432140F6F12F80018BE5D /* src */ = {
			isa = PBXGroup;
			children = (
				E23DB5D40F4D0262005C8EDA /* SynthesizeSingleton.h */,
				E2BCDF480FBFE22000EBB41F /* MV */,
			);
			path = src;
			sourceTree = "<group>";
		};
		E23DB6BC0F4D0263005C8EDA /* test */ = {
			isa = PBXGroup;
			children = (
				E23DB6C20F4D0263005C8EDA /* Process */,
			);
			path = test;
			sourceTree = "<group>";
		};
		E23DB6C20F4D0263005C8EDA /* Process */ = {
			isa = PBXGroup;
			children = (
				E23DB6C30F4D0263005C8EDA /* MVThreadUtil.h */,
				E23DB6C40F4D0263005C8EDA /* MVThreadUtil.m */,
			);
			path = Process;
			sourceTree = "<group>";
		};
		E2BCDF480FBFE22000EBB41F /* MV */ = {
			isa = PBXGroup;
			children = (
				E2BCDF490FBFE22000EBB41F /* MVAdMobHelper.h */,
				E2BCDF4A0FBFE22000EBB41F /* MVAdMobHelper.m */,
				E2BCDF4B0FBFE22000EBB41F /* AVAudioPlayer+Motive.h */,
				E2BCDF4C0FBFE22000EBB41F /* AVAudioPlayer+Motive.m */,
				E2BCDF4D0FBFE22000EBB41F /* MVPrelude.h */,
				E2BCDF4E0FBFE22000EBB41F /* motive_Prefix.pch */,
				E2BCDF4F0FBFE22000EBB41F /* MVLog.h */,
				E2BCDF500FBFE22000EBB41F /* MVMacros.h */,
				E2BCDF510FBFE22000EBB41F /* NSArray+Motive.h */,
				E2BCDF520FBFE22000EBB41F /* NSArray+Motive.m */,
				E2BCDFCB0FBFEA2B00EBB41F /* NSDate+Motive.h */,
				E2BCDFCC0FBFEA2B00EBB41F /* NSDate+Motive.m */,
				E2BCDF530FBFE22000EBB41F /* NSDictionary+Motive.h */,
				E2BCDF540FBFE22000EBB41F /* NSDictionary+Motive.m */,
				E2BCDF570FBFE22000EBB41F /* NSString+Motive.h */,
				E2BCDF580FBFE22000EBB41F /* NSString+Motive.m */,
				E2E310B40FCF8B6C00E7961B /* UIView+Motive.h */,
				E2E310B50FCF8B6C00E7961B /* UIView+Motive.m */,
			);
			path = MV;
			sourceTree = "<group>";
		};
/* End PBXGroup section */

/* Begin PBXHeadersBuildPhase section */
		D2AAC07A0554694100DB518D /* Headers */ = {
			isa = PBXHeadersBuildPhase;
			buildActionMask = 2147483647;
			files = (
				E23DB6D30F4D0263005C8EDA /* SynthesizeSingleton.h in Headers */,
				E23DB7660F4D0263005C8EDA /* MVThreadUtil.h in Headers */,
				E2BCDF590FBFE22000EBB41F /* MVAdMobHelper.h in Headers */,
				E2BCDF5B0FBFE22000EBB41F /* AVAudioPlayer+Motive.h in Headers */,
				E2BCDF5D0FBFE22000EBB41F /* MVPrelude.h in Headers */,
				E2BCDF5E0FBFE22000EBB41F /* motive_Prefix.pch in Headers */,
				E2BCDF5F0FBFE22000EBB41F /* MVLog.h in Headers */,
				E2BCDF600FBFE22000EBB41F /* MVMacros.h in Headers */,
				E2BCDF610FBFE22000EBB41F /* NSArray+Motive.h in Headers */,
				E2BCDF630FBFE22000EBB41F /* NSDictionary+Motive.h in Headers */,
				E2BCDF670FBFE22000EBB41F /* NSString+Motive.h in Headers */,
				E2BCDFCD0FBFEA2B00EBB41F /* NSDate+Motive.h in Headers */,
				E2E310B60FCF8B6C00E7961B /* UIView+Motive.h in Headers */,
			);
			runOnlyForDeploymentPostprocessing = 0;
		};
/* End PBXHeadersBuildPhase section */

/* Begin PBXNativeTarget section */
		D2AAC07D0554694100DB518D /* motive */ = {
			isa = PBXNativeTarget;
			buildConfigurationList = 1DEB921E08733DC00010E9CD /* Build configuration list for PBXNativeTarget "motive" */;
			buildPhases = (
				D2AAC07A0554694100DB518D /* Headers */,
				D2AAC07B0554694100DB518D /* Sources */,
				D2AAC07C0554694100DB518D /* Frameworks */,
			);
			buildRules = (
			);
			dependencies = (
			);
			name = motive;
			productName = motive;
			productReference = D2AAC07E0554694100DB518D /* libmotive.a */;
			productType = "com.apple.product-type.library.static";
		};
		E23DBE710F4E2549005C8EDA /* Unit Tests */ = {
			isa = PBXNativeTarget;
			buildConfigurationList = E23DBE770F4E254A005C8EDA /* Build configuration list for PBXNativeTarget "Unit Tests" */;
			buildPhases = (
				E23DBE6E0F4E2549005C8EDA /* Resources */,
				E23DBE6F0F4E2549005C8EDA /* Sources */,
				E23DBE700F4E2549005C8EDA /* Frameworks */,
				E23DBE7F0F4E25A0005C8EDA /* ShellScript */,
			);
			buildRules = (
			);
			dependencies = (
			);
			name = "Unit Tests";
			productName = "Unit Tests";
			productReference = E23DBE720F4E2549005C8EDA /* Unit Tests.app */;
			productType = "com.apple.product-type.application";
		};
/* End PBXNativeTarget section */

/* Begin PBXProject section */
		0867D690FE84028FC02AAC07 /* Project object */ = {
			isa = PBXProject;
			buildConfigurationList = 1DEB922208733DC00010E9CD /* Build configuration list for PBXProject "motive" */;
			compatibilityVersion = "Xcode 3.1";
			hasScannedForEncodings = 1;
			mainGroup = 0867D691FE84028FC02AAC07 /* motive */;
			productRefGroup = 034768DFFF38A50411DB9C8B /* Products */;
			projectDirPath = "";
			projectRoot = "";
			targets = (
				D2AAC07D0554694100DB518D /* motive */,
				E23DBE710F4E2549005C8EDA /* Unit Tests */,
			);
		};
/* End PBXProject section */

/* Begin PBXResourcesBuildPhase section */
		E23DBE6E0F4E2549005C8EDA /* Resources */ = {
			isa = PBXResourcesBuildPhase;
			buildActionMask = 2147483647;
			files = (
				47B7ACA0117EB5F80058A6CA /* motive.xcconfig in Resources */,
			);
			runOnlyForDeploymentPostprocessing = 0;
		};
/* End PBXResourcesBuildPhase section */

/* Begin PBXShellScriptBuildPhase section */
		E23DBE7F0F4E25A0005C8EDA /* ShellScript */ = {
			isa = PBXShellScriptBuildPhase;
			buildActionMask = 2147483647;
			files = (
			);
			inputPaths = (
			);
			outputPaths = (
			);
			runOnlyForDeploymentPostprocessing = 0;
			shellPath = /bin/sh;
			shellScript = "Source/External/google-toolbox-for-mac-1-5-1/UnitTesting/RunIPhoneUnitTest.sh";
		};
/* End PBXShellScriptBuildPhase section */

/* Begin PBXSourcesBuildPhase section */
		D2AAC07B0554694100DB518D /* Sources */ = {
			isa = PBXSourcesBuildPhase;
			buildActionMask = 2147483647;
			files = (
				E23DB7670F4D0263005C8EDA /* MVThreadUtil.m in Sources */,
				E2BCDF5A0FBFE22000EBB41F /* MVAdMobHelper.m in Sources */,
				E2BCDF5C0FBFE22000EBB41F /* AVAudioPlayer+Motive.m in Sources */,
				E2BCDF620FBFE22000EBB41F /* NSArray+Motive.m in Sources */,
				E2BCDF640FBFE22000EBB41F /* NSDictionary+Motive.m in Sources */,
				E2BCDF680FBFE22000EBB41F /* NSString+Motive.m in Sources */,
				E2BCDFCE0FBFEA2B00EBB41F /* NSDate+Motive.m in Sources */,
				E2E310B70FCF8B6C00E7961B /* UIView+Motive.m in Sources */,
			);
			runOnlyForDeploymentPostprocessing = 0;
		};
		E23DBE6F0F4E2549005C8EDA /* Sources */ = {
			isa = PBXSourcesBuildPhase;
			buildActionMask = 2147483647;
			files = (
				E23DBEAC0F4E26DF005C8EDA /* MVThreadUtil.m in Sources */,
				E2BCDF690FBFE22000EBB41F /* MVAdMobHelper.m in Sources */,
				E2BCDF6A0FBFE22000EBB41F /* AVAudioPlayer+Motive.m in Sources */,
				E2BCDF6B0FBFE22000EBB41F /* NSArray+Motive.m in Sources */,
				E2BCDF6C0FBFE22000EBB41F /* NSDictionary+Motive.m in Sources */,
				E2BCDF6E0FBFE22000EBB41F /* NSString+Motive.m in Sources */,
				E2BCDFCF0FBFEA2B00EBB41F /* NSDate+Motive.m in Sources */,
				E2E310B80FCF8B6C00E7961B /* UIView+Motive.m in Sources */,
			);
			runOnlyForDeploymentPostprocessing = 0;
		};
/* End PBXSourcesBuildPhase section */

/* Begin XCBuildConfiguration section */
		1DEB921F08733DC00010E9CD /* Debug */ = {
			isa = XCBuildConfiguration;
			buildSettings = {
				ALWAYS_SEARCH_USER_PATHS = NO;
				ARCHS = "$(ARCHS_STANDARD_32_BIT)";
				COPY_PHASE_STRIP = NO;
				GCC_DYNAMIC_NO_PIC = NO;
				GCC_ENABLE_FIX_AND_CONTINUE = YES;
				GCC_MODEL_TUNING = G5;
				GCC_OPTIMIZATION_LEVEL = 0;
				GCC_PRECOMPILE_PREFIX_HEADER = YES;
				GCC_PREFIX_HEADER = "$(SRCROOT)/src/MV/motive_Prefix.pch";
				INSTALL_PATH = /usr/local/lib;
				LIBRARY_SEARCH_PATHS = (
					"$(inherited)",
					"\"$(SRCROOT)/Source/External/google-toolbox-for-mac-1-5-1/TigerGcov\"",
				);
				ONLY_ACTIVE_ARCH = YES;
				PRODUCT_NAME = motive;
			};
			name = Debug;
		};
		1DEB922008733DC00010E9CD /* Release */ = {
			isa = XCBuildConfiguration;
			buildSettings = {
				ALWAYS_SEARCH_USER_PATHS = NO;
				ARCHS = "$(ARCHS_STANDARD_32_BIT)";
				DEBUG_INFORMATION_FORMAT = "dwarf-with-dsym";
				GCC_MODEL_TUNING = G5;
				GCC_PRECOMPILE_PREFIX_HEADER = YES;
				GCC_PREFIX_HEADER = "$(SRCROOT)/src/MV/motive_Prefix.pch";
				INSTALL_PATH = /usr/local/lib;
				LIBRARY_SEARCH_PATHS = (
					"$(inherited)",
					"\"$(SRCROOT)/Source/External/google-toolbox-for-mac-1-5-1/TigerGcov\"",
				);
				PRODUCT_NAME = motive;
			};
			name = Release;
		};
		1DEB922308733DC00010E9CD /* Debug */ = {
			isa = XCBuildConfiguration;
			baseConfigurationReference = 47B7AC9F117EB5F80058A6CA /* motive.xcconfig */;
			buildSettings = {
				ARCHS = "$(ARCHS_STANDARD_32_BIT)";
				GCC_C_LANGUAGE_STANDARD = c99;
				GCC_OPTIMIZATION_LEVEL = 0;
				GCC_VERSION = 4.2;
				GCC_WARN_ABOUT_RETURN_TYPE = YES;
				GCC_WARN_UNUSED_VARIABLE = YES;
				IPHONEOS_DEPLOYMENT_TARGET = 3.0;
				ONLY_ACTIVE_ARCH = YES;
				OTHER_LDFLAGS = "-ObjC";
				PREBINDING = NO;
				SDKROOT = iphoneos4.0;
			};
			name = Debug;
		};
		1DEB922408733DC00010E9CD /* Release */ = {
			isa = XCBuildConfiguration;
			baseConfigurationReference = 47B7AC9F117EB5F80058A6CA /* motive.xcconfig */;
			buildSettings = {
				ARCHS = "$(ARCHS_STANDARD_32_BIT)";
				GCC_C_LANGUAGE_STANDARD = c99;
				GCC_VERSION = 4.2;
				GCC_WARN_ABOUT_RETURN_TYPE = YES;
				GCC_WARN_UNUSED_VARIABLE = YES;
				IPHONEOS_DEPLOYMENT_TARGET = 3.0;
				OTHER_LDFLAGS = "-ObjC";
				PREBINDING = NO;
				SDKROOT = iphoneos4.0;
			};
			name = Release;
		};
		E23DBE750F4E254A005C8EDA /* Debug */ = {
			isa = XCBuildConfiguration;
			buildSettings = {
				ALWAYS_SEARCH_USER_PATHS = NO;
				CODE_SIGN_IDENTITY = "iPhone Developer";
				COPY_PHASE_STRIP = NO;
				GCC_DYNAMIC_NO_PIC = NO;
				GCC_OPTIMIZATION_LEVEL = 0;
				GCC_PRECOMPILE_PREFIX_HEADER = YES;
				GCC_PREFIX_HEADER = "$(SRCROOT)/Source/External/google-toolbox-for-mac-1-5-1/GTM_Prefix.pch";
				INSTALL_PATH = "$(HOME)/Applications";
				OTHER_LDFLAGS = (
					"-framework",
					Foundation,
					"-framework",
					UIKit,
				);
				PREBINDING = NO;
				PRODUCT_NAME = "Unit Tests";
				SDKROOT = iphoneos2.2.1;
			};
			name = Debug;
		};
		E23DBE760F4E254A005C8EDA /* Release */ = {
			isa = XCBuildConfiguration;
			buildSettings = {
				ALWAYS_SEARCH_USER_PATHS = NO;
				CODE_SIGN_IDENTITY = "iPhone Developer";
				COPY_PHASE_STRIP = YES;
				DEBUG_INFORMATION_FORMAT = "dwarf-with-dsym";
				GCC_ENABLE_FIX_AND_CONTINUE = NO;
				GCC_PRECOMPILE_PREFIX_HEADER = YES;
				GCC_PREFIX_HEADER = "$(SRCROOT)/Source/External/google-toolbox-for-mac-1-5-1/GTM_Prefix.pch";
				INSTALL_PATH = "$(HOME)/Applications";
				OTHER_LDFLAGS = (
					"-framework",
					Foundation,
					"-framework",
					UIKit,
				);
				PREBINDING = NO;
				PRODUCT_NAME = "Unit Tests";
				SDKROOT = iphoneos2.2.1;
				ZERO_LINK = NO;
			};
			name = Release;
		};
/* End XCBuildConfiguration section */

/* Begin XCConfigurationList section */
		1DEB921E08733DC00010E9CD /* Build configuration list for PBXNativeTarget "motive" */ = {
			isa = XCConfigurationList;
			buildConfigurations = (
				1DEB921F08733DC00010E9CD /* Debug */,
				1DEB922008733DC00010E9CD /* Release */,
			);
			defaultConfigurationIsVisible = 0;
			defaultConfigurationName = Release;
		};
		1DEB922208733DC00010E9CD /* Build configuration list for PBXProject "motive" */ = {
			isa = XCConfigurationList;
			buildConfigurations = (
				1DEB922308733DC00010E9CD /* Debug */,
				1DEB922408733DC00010E9CD /* Release */,
			);
			defaultConfigurationIsVisible = 0;
			defaultConfigurationName = Release;
		};
		E23DBE770F4E254A005C8EDA /* Build configuration list for PBXNativeTarget "Unit Tests" */ = {
			isa = XCConfigurationList;
			buildConfigurations = (
				E23DBE750F4E254A005C8EDA /* Debug */,
				E23DBE760F4E254A005C8EDA /* Release */,
			);
			defaultConfigurationIsVisible = 0;
			defaultConfigurationName = Release;
		};
/* End XCConfigurationList section */
	};
	rootObject = 0867D690FE84028FC02AAC07 /* Project object */;
}
