// !$*UTF8*$!
{
	archiveVersion = 1;
	classes = {
	};
	objectVersion = 45;
	objects = {

/* Begin PBXBuildFile section */
		479EDB270F41188D006B9914 /* Motive.h in Headers */ = {isa = PBXBuildFile; fileRef = 479EDB250F41188D006B9914 /* Motive.h */; };
		479EDB280F41188D006B9914 /* MVLog.h in Headers */ = {isa = PBXBuildFile; fileRef = 479EDB260F41188D006B9914 /* MVLog.h */; };
		D2AAC088055469A000DB518D /* Cocoa.framework in Frameworks */ = {isa = PBXBuildFile; fileRef = 1058C7B1FEA5585E11CA2CBB /* Cocoa.framework */; };
		E23216FF0F4921CD00B79FC9 /* AdMobHelper.h in Headers */ = {isa = PBXBuildFile; fileRef = E23216FA0F4921CD00B79FC9 /* AdMobHelper.h */; };
		E23217000F4921CD00B79FC9 /* AdMobHelper.m in Sources */ = {isa = PBXBuildFile; fileRef = E23216FB0F4921CD00B79FC9 /* AdMobHelper.m */; };
		E23217010F4921CD00B79FC9 /* NSString+File.h in Headers */ = {isa = PBXBuildFile; fileRef = E23216FD0F4921CD00B79FC9 /* NSString+File.h */; };
		E23217020F4921CD00B79FC9 /* NSString+File.m in Sources */ = {isa = PBXBuildFile; fileRef = E23216FE0F4921CD00B79FC9 /* NSString+File.m */; };
		E23217100F49227900B79FC9 /* MVOption.h in Headers */ = {isa = PBXBuildFile; fileRef = E232170A0F49227900B79FC9 /* MVOption.h */; };
		E23217110F49227900B79FC9 /* MVOption.m in Sources */ = {isa = PBXBuildFile; fileRef = E232170B0F49227900B79FC9 /* MVOption.m */; };
		E23217190F49254A00B79FC9 /* MVP2.h in Headers */ = {isa = PBXBuildFile; fileRef = E23217170F49254A00B79FC9 /* MVP2.h */; };
		E232171A0F49254A00B79FC9 /* MVP2.m in Sources */ = {isa = PBXBuildFile; fileRef = E23217180F49254A00B79FC9 /* MVP2.m */; };
		E26B59B80F3A884E0036AAB0 /* NSArray+CocoaDevUsersAdditions.h in Headers */ = {isa = PBXBuildFile; fileRef = E26B59B60F3A884E0036AAB0 /* NSArray+CocoaDevUsersAdditions.h */; };
		E26B59B90F3A884E0036AAB0 /* NSArray+CocoaDevUsersAdditions.m in Sources */ = {isa = PBXBuildFile; fileRef = E26B59B70F3A884E0036AAB0 /* NSArray+CocoaDevUsersAdditions.m */; };
		E26B59CC0F3A89010036AAB0 /* NSSet+CocoaDevUsersAdditions.h in Headers */ = {isa = PBXBuildFile; fileRef = E26B59CA0F3A89010036AAB0 /* NSSet+CocoaDevUsersAdditions.h */; };
		E26B59CD0F3A89010036AAB0 /* NSSet+CocoaDevUsersAdditions.m in Sources */ = {isa = PBXBuildFile; fileRef = E26B59CB0F3A89010036AAB0 /* NSSet+CocoaDevUsersAdditions.m */; };
		E26B59E00F3A89C60036AAB0 /* NSData+CocoaDevUsersAdditions.h in Headers */ = {isa = PBXBuildFile; fileRef = E26B59DE0F3A89C60036AAB0 /* NSData+CocoaDevUsersAdditions.h */; };
		E26B59E10F3A89C60036AAB0 /* NSData+CocoaDevUsersAdditions.m in Sources */ = {isa = PBXBuildFile; fileRef = E26B59DF0F3A89C60036AAB0 /* NSData+CocoaDevUsersAdditions.m */; };
		E280BF660F425849002658B4 /* FMDatabase.h in Headers */ = {isa = PBXBuildFile; fileRef = E280BF5F0F425849002658B4 /* FMDatabase.h */; };
		E280BF670F425849002658B4 /* FMDatabase.m in Sources */ = {isa = PBXBuildFile; fileRef = E280BF600F425849002658B4 /* FMDatabase.m */; };
		E280BF680F425849002658B4 /* FMDatabaseAdditions.h in Headers */ = {isa = PBXBuildFile; fileRef = E280BF610F425849002658B4 /* FMDatabaseAdditions.h */; };
		E280BF690F425849002658B4 /* FMDatabaseAdditions.m in Sources */ = {isa = PBXBuildFile; fileRef = E280BF620F425849002658B4 /* FMDatabaseAdditions.m */; };
		E280BF6A0F425849002658B4 /* FMResultSet.h in Headers */ = {isa = PBXBuildFile; fileRef = E280BF630F425849002658B4 /* FMResultSet.h */; };
		E280BF6B0F425849002658B4 /* FMResultSet.m in Sources */ = {isa = PBXBuildFile; fileRef = E280BF640F425849002658B4 /* FMResultSet.m */; };
		E280BF6E0F425852002658B4 /* SynthesizeSingleton.h in Headers */ = {isa = PBXBuildFile; fileRef = E280BF6D0F425852002658B4 /* SynthesizeSingleton.h */; };
		E280BF720F425868002658B4 /* MVHttp.h in Headers */ = {isa = PBXBuildFile; fileRef = E280BF700F425868002658B4 /* MVHttp.h */; };
		E280BF730F425868002658B4 /* MVHttp.m in Sources */ = {isa = PBXBuildFile; fileRef = E280BF710F425868002658B4 /* MVHttp.m */; };
/* End PBXBuildFile section */

/* Begin PBXFileReference section */
		0867D69BFE84028FC02AAC07 /* Foundation.framework */ = {isa = PBXFileReference; lastKnownFileType = wrapper.framework; name = Foundation.framework; path = /System/Library/Frameworks/Foundation.framework; sourceTree = "<absolute>"; };
		0867D6A5FE840307C02AAC07 /* AppKit.framework */ = {isa = PBXFileReference; lastKnownFileType = wrapper.framework; name = AppKit.framework; path = /System/Library/Frameworks/AppKit.framework; sourceTree = "<absolute>"; };
		1058C7B1FEA5585E11CA2CBB /* Cocoa.framework */ = {isa = PBXFileReference; lastKnownFileType = wrapper.framework; name = Cocoa.framework; path = /System/Library/Frameworks/Cocoa.framework; sourceTree = "<absolute>"; };
		32DBCF5E0370ADEE00C91783 /* motive_Prefix.pch */ = {isa = PBXFileReference; fileEncoding = 4; lastKnownFileType = sourcecode.c.h; path = motive_Prefix.pch; sourceTree = "<group>"; };
		479EDB250F41188D006B9914 /* Motive.h */ = {isa = PBXFileReference; fileEncoding = 4; lastKnownFileType = sourcecode.c.h; path = Motive.h; sourceTree = "<group>"; };
		479EDB260F41188D006B9914 /* MVLog.h */ = {isa = PBXFileReference; fileEncoding = 4; lastKnownFileType = sourcecode.c.h; path = MVLog.h; sourceTree = "<group>"; };
		D2AAC07E0554694100DB518D /* libmotive.a */ = {isa = PBXFileReference; explicitFileType = archive.ar; includeInIndex = 0; path = libmotive.a; sourceTree = BUILT_PRODUCTS_DIR; };
		D2F7E8BE07B2D77200F64583 /* CoreData.framework */ = {isa = PBXFileReference; lastKnownFileType = wrapper.framework; name = CoreData.framework; path = /System/Library/Frameworks/CoreData.framework; sourceTree = "<absolute>"; };
		E23216FA0F4921CD00B79FC9 /* AdMobHelper.h */ = {isa = PBXFileReference; fileEncoding = 4; lastKnownFileType = sourcecode.c.h; path = AdMobHelper.h; sourceTree = "<group>"; };
		E23216FB0F4921CD00B79FC9 /* AdMobHelper.m */ = {isa = PBXFileReference; fileEncoding = 4; lastKnownFileType = sourcecode.c.objc; path = AdMobHelper.m; sourceTree = "<group>"; };
		E23216FD0F4921CD00B79FC9 /* NSString+File.h */ = {isa = PBXFileReference; fileEncoding = 4; lastKnownFileType = sourcecode.c.h; path = "NSString+File.h"; sourceTree = "<group>"; };
		E23216FE0F4921CD00B79FC9 /* NSString+File.m */ = {isa = PBXFileReference; fileEncoding = 4; lastKnownFileType = sourcecode.c.objc; path = "NSString+File.m"; sourceTree = "<group>"; };
		E232170A0F49227900B79FC9 /* MVOption.h */ = {isa = PBXFileReference; fileEncoding = 4; lastKnownFileType = sourcecode.c.h; path = MVOption.h; sourceTree = "<group>"; };
		E232170B0F49227900B79FC9 /* MVOption.m */ = {isa = PBXFileReference; fileEncoding = 4; lastKnownFileType = sourcecode.c.objc; path = MVOption.m; sourceTree = "<group>"; };
		E23217170F49254A00B79FC9 /* MVP2.h */ = {isa = PBXFileReference; fileEncoding = 4; lastKnownFileType = sourcecode.c.h; path = MVP2.h; sourceTree = "<group>"; };
		E23217180F49254A00B79FC9 /* MVP2.m */ = {isa = PBXFileReference; fileEncoding = 4; lastKnownFileType = sourcecode.c.objc; path = MVP2.m; sourceTree = "<group>"; };
		E26B59B60F3A884E0036AAB0 /* NSArray+CocoaDevUsersAdditions.h */ = {isa = PBXFileReference; fileEncoding = 4; lastKnownFileType = sourcecode.c.h; path = "NSArray+CocoaDevUsersAdditions.h"; sourceTree = "<group>"; };
		E26B59B70F3A884E0036AAB0 /* NSArray+CocoaDevUsersAdditions.m */ = {isa = PBXFileReference; fileEncoding = 4; lastKnownFileType = sourcecode.c.objc; path = "NSArray+CocoaDevUsersAdditions.m"; sourceTree = "<group>"; };
		E26B59CA0F3A89010036AAB0 /* NSSet+CocoaDevUsersAdditions.h */ = {isa = PBXFileReference; fileEncoding = 4; lastKnownFileType = sourcecode.c.h; path = "NSSet+CocoaDevUsersAdditions.h"; sourceTree = "<group>"; };
		E26B59CB0F3A89010036AAB0 /* NSSet+CocoaDevUsersAdditions.m */ = {isa = PBXFileReference; fileEncoding = 4; lastKnownFileType = sourcecode.c.objc; path = "NSSet+CocoaDevUsersAdditions.m"; sourceTree = "<group>"; };
		E26B59DE0F3A89C60036AAB0 /* NSData+CocoaDevUsersAdditions.h */ = {isa = PBXFileReference; fileEncoding = 4; lastKnownFileType = sourcecode.c.h; path = "NSData+CocoaDevUsersAdditions.h"; sourceTree = "<group>"; };
		E26B59DF0F3A89C60036AAB0 /* NSData+CocoaDevUsersAdditions.m */ = {isa = PBXFileReference; fileEncoding = 4; lastKnownFileType = sourcecode.c.objc; path = "NSData+CocoaDevUsersAdditions.m"; sourceTree = "<group>"; };
		E280BF5F0F425849002658B4 /* FMDatabase.h */ = {isa = PBXFileReference; fileEncoding = 4; lastKnownFileType = sourcecode.c.h; path = FMDatabase.h; sourceTree = "<group>"; };
		E280BF600F425849002658B4 /* FMDatabase.m */ = {isa = PBXFileReference; fileEncoding = 4; lastKnownFileType = sourcecode.c.objc; path = FMDatabase.m; sourceTree = "<group>"; };
		E280BF610F425849002658B4 /* FMDatabaseAdditions.h */ = {isa = PBXFileReference; fileEncoding = 4; lastKnownFileType = sourcecode.c.h; path = FMDatabaseAdditions.h; sourceTree = "<group>"; };
		E280BF620F425849002658B4 /* FMDatabaseAdditions.m */ = {isa = PBXFileReference; fileEncoding = 4; lastKnownFileType = sourcecode.c.objc; path = FMDatabaseAdditions.m; sourceTree = "<group>"; };
		E280BF630F425849002658B4 /* FMResultSet.h */ = {isa = PBXFileReference; fileEncoding = 4; lastKnownFileType = sourcecode.c.h; path = FMResultSet.h; sourceTree = "<group>"; };
		E280BF640F425849002658B4 /* FMResultSet.m */ = {isa = PBXFileReference; fileEncoding = 4; lastKnownFileType = sourcecode.c.objc; path = FMResultSet.m; sourceTree = "<group>"; };
		E280BF650F425849002658B4 /* LICENSE.txt */ = {isa = PBXFileReference; fileEncoding = 4; lastKnownFileType = text; path = LICENSE.txt; sourceTree = "<group>"; };
		E280BF6D0F425852002658B4 /* SynthesizeSingleton.h */ = {isa = PBXFileReference; fileEncoding = 4; lastKnownFileType = sourcecode.c.h; path = SynthesizeSingleton.h; sourceTree = "<group>"; };
		E280BF700F425868002658B4 /* MVHttp.h */ = {isa = PBXFileReference; fileEncoding = 4; lastKnownFileType = sourcecode.c.h; path = MVHttp.h; sourceTree = "<group>"; };
		E280BF710F425868002658B4 /* MVHttp.m */ = {isa = PBXFileReference; fileEncoding = 4; lastKnownFileType = sourcecode.c.objc; path = MVHttp.m; sourceTree = "<group>"; };
/* End PBXFileReference section */

/* Begin PBXFrameworksBuildPhase section */
		D2AAC07C0554694100DB518D /* Frameworks */ = {
			isa = PBXFrameworksBuildPhase;
			buildActionMask = 2147483647;
			files = (
				D2AAC088055469A000DB518D /* Cocoa.framework in Frameworks */,
			);
			runOnlyForDeploymentPostprocessing = 0;
		};
/* End PBXFrameworksBuildPhase section */

/* Begin PBXGroup section */
		034768DFFF38A50411DB9C8B /* Products */ = {
			isa = PBXGroup;
			children = (
				D2AAC07E0554694100DB518D /* libmotive.a */,
			);
			name = Products;
			sourceTree = "<group>";
		};
		0867D691FE84028FC02AAC07 /* motive */ = {
			isa = PBXGroup;
			children = (
				E26B59B40F3A87870036AAB0 /* External */,
				4784B29E0F368E2E00D331F4 /* Source */,
				32C88DFF0371C24200C91783 /* Other Sources */,
				0867D69AFE84028FC02AAC07 /* External Frameworks and Libraries */,
				034768DFFF38A50411DB9C8B /* Products */,
			);
			name = motive;
			sourceTree = "<group>";
		};
		0867D69AFE84028FC02AAC07 /* External Frameworks and Libraries */ = {
			isa = PBXGroup;
			children = (
				1058C7B0FEA5585E11CA2CBB /* Linked Frameworks */,
				1058C7B2FEA5585E11CA2CBB /* Other Frameworks */,
			);
			name = "External Frameworks and Libraries";
			sourceTree = "<group>";
		};
		1058C7B0FEA5585E11CA2CBB /* Linked Frameworks */ = {
			isa = PBXGroup;
			children = (
				1058C7B1FEA5585E11CA2CBB /* Cocoa.framework */,
			);
			name = "Linked Frameworks";
			sourceTree = "<group>";
		};
		1058C7B2FEA5585E11CA2CBB /* Other Frameworks */ = {
			isa = PBXGroup;
			children = (
				0867D6A5FE840307C02AAC07 /* AppKit.framework */,
				D2F7E8BE07B2D77200F64583 /* CoreData.framework */,
				0867D69BFE84028FC02AAC07 /* Foundation.framework */,
			);
			name = "Other Frameworks";
			sourceTree = "<group>";
		};
		32C88DFF0371C24200C91783 /* Other Sources */ = {
			isa = PBXGroup;
			children = (
				32DBCF5E0370ADEE00C91783 /* motive_Prefix.pch */,
			);
			name = "Other Sources";
			sourceTree = "<group>";
		};
		4784B29E0F368E2E00D331F4 /* Source */ = {
			isa = PBXGroup;
			children = (
				E23216F90F4921CC00B79FC9 /* AdMob */,
				E23217080F49227900B79FC9 /* FObj */,
				E23216FC0F4921CD00B79FC9 /* IO */,
				E280BF6F0F425868002658B4 /* Network */,
				479EDB250F41188D006B9914 /* Motive.h */,
				479EDB260F41188D006B9914 /* MVLog.h */,
			);
			path = Source;
			sourceTree = "<group>";
		};
		E23216F90F4921CC00B79FC9 /* AdMob */ = {
			isa = PBXGroup;
			children = (
				E23216FA0F4921CD00B79FC9 /* AdMobHelper.h */,
				E23216FB0F4921CD00B79FC9 /* AdMobHelper.m */,
			);
			path = AdMob;
			sourceTree = "<group>";
		};
		E23216FC0F4921CD00B79FC9 /* IO */ = {
			isa = PBXGroup;
			children = (
				E23216FD0F4921CD00B79FC9 /* NSString+File.h */,
				E23216FE0F4921CD00B79FC9 /* NSString+File.m */,
			);
			path = IO;
			sourceTree = "<group>";
		};
		E23217080F49227900B79FC9 /* FObj */ = {
			isa = PBXGroup;
			children = (
				E23217090F49227900B79FC9 /* Data */,
				E23217170F49254A00B79FC9 /* MVP2.h */,
				E23217180F49254A00B79FC9 /* MVP2.m */,
			);
			path = FObj;
			sourceTree = "<group>";
		};
		E23217090F49227900B79FC9 /* Data */ = {
			isa = PBXGroup;
			children = (
				E232170A0F49227900B79FC9 /* MVOption.h */,
				E232170B0F49227900B79FC9 /* MVOption.m */,
			);
			path = Data;
			sourceTree = "<group>";
		};
		E26B59B40F3A87870036AAB0 /* External */ = {
			isa = PBXGroup;
			children = (
				E26B59B50F3A87870036AAB0 /* CocoaDev */,
				E280BF5E0F425849002658B4 /* fmdb-r55 */,
				E280BF6C0F425852002658B4 /* Gallagher */,
			);
			path = External;
			sourceTree = "<group>";
		};
		E26B59B50F3A87870036AAB0 /* CocoaDev */ = {
			isa = PBXGroup;
			children = (
				E26B59B60F3A884E0036AAB0 /* NSArray+CocoaDevUsersAdditions.h */,
				E26B59B70F3A884E0036AAB0 /* NSArray+CocoaDevUsersAdditions.m */,
				E26B59DE0F3A89C60036AAB0 /* NSData+CocoaDevUsersAdditions.h */,
				E26B59DF0F3A89C60036AAB0 /* NSData+CocoaDevUsersAdditions.m */,
				E26B59CA0F3A89010036AAB0 /* NSSet+CocoaDevUsersAdditions.h */,
				E26B59CB0F3A89010036AAB0 /* NSSet+CocoaDevUsersAdditions.m */,
			);
			path = CocoaDev;
			sourceTree = "<group>";
		};
		E280BF5E0F425849002658B4 /* fmdb-r55 */ = {
			isa = PBXGroup;
			children = (
				E280BF5F0F425849002658B4 /* FMDatabase.h */,
				E280BF600F425849002658B4 /* FMDatabase.m */,
				E280BF610F425849002658B4 /* FMDatabaseAdditions.h */,
				E280BF620F425849002658B4 /* FMDatabaseAdditions.m */,
				E280BF630F425849002658B4 /* FMResultSet.h */,
				E280BF640F425849002658B4 /* FMResultSet.m */,
				E280BF650F425849002658B4 /* LICENSE.txt */,
			);
			path = "fmdb-r55";
			sourceTree = "<group>";
		};
		E280BF6C0F425852002658B4 /* Gallagher */ = {
			isa = PBXGroup;
			children = (
				E280BF6D0F425852002658B4 /* SynthesizeSingleton.h */,
			);
			path = Gallagher;
			sourceTree = "<group>";
		};
		E280BF6F0F425868002658B4 /* Network */ = {
			isa = PBXGroup;
			children = (
				E280BF700F425868002658B4 /* MVHttp.h */,
				E280BF710F425868002658B4 /* MVHttp.m */,
			);
			path = Network;
			sourceTree = "<group>";
		};
/* End PBXGroup section */

/* Begin PBXHeadersBuildPhase section */
		D2AAC07A0554694100DB518D /* Headers */ = {
			isa = PBXHeadersBuildPhase;
			buildActionMask = 2147483647;
			files = (
				E26B59B80F3A884E0036AAB0 /* NSArray+CocoaDevUsersAdditions.h in Headers */,
				E26B59CC0F3A89010036AAB0 /* NSSet+CocoaDevUsersAdditions.h in Headers */,
				E26B59E00F3A89C60036AAB0 /* NSData+CocoaDevUsersAdditions.h in Headers */,
				479EDB270F41188D006B9914 /* Motive.h in Headers */,
				479EDB280F41188D006B9914 /* MVLog.h in Headers */,
				E280BF660F425849002658B4 /* FMDatabase.h in Headers */,
				E280BF680F425849002658B4 /* FMDatabaseAdditions.h in Headers */,
				E280BF6A0F425849002658B4 /* FMResultSet.h in Headers */,
				E280BF6E0F425852002658B4 /* SynthesizeSingleton.h in Headers */,
				E280BF720F425868002658B4 /* MVHttp.h in Headers */,
				E23216FF0F4921CD00B79FC9 /* AdMobHelper.h in Headers */,
				E23217010F4921CD00B79FC9 /* NSString+File.h in Headers */,
				E23217100F49227900B79FC9 /* MVOption.h in Headers */,
				E23217190F49254A00B79FC9 /* MVP2.h in Headers */,
			);
			runOnlyForDeploymentPostprocessing = 0;
		};
/* End PBXHeadersBuildPhase section */

/* Begin PBXNativeTarget section */
		D2AAC07D0554694100DB518D /* motive */ = {
			isa = PBXNativeTarget;
			buildConfigurationList = 1DEB921E08733DC00010E9CD /* Build configuration list for PBXNativeTarget "motive" */;
			buildPhases = (
				D2AAC07A0554694100DB518D /* Headers */,
				D2AAC07B0554694100DB518D /* Sources */,
				D2AAC07C0554694100DB518D /* Frameworks */,
			);
			buildRules = (
			);
			dependencies = (
			);
			name = motive;
			productName = motive;
			productReference = D2AAC07E0554694100DB518D /* libmotive.a */;
			productType = "com.apple.product-type.library.static";
		};
/* End PBXNativeTarget section */

/* Begin PBXProject section */
		0867D690FE84028FC02AAC07 /* Project object */ = {
			isa = PBXProject;
			buildConfigurationList = 1DEB922208733DC00010E9CD /* Build configuration list for PBXProject "motive" */;
			compatibilityVersion = "Xcode 3.1";
			hasScannedForEncodings = 1;
			mainGroup = 0867D691FE84028FC02AAC07 /* motive */;
			productRefGroup = 034768DFFF38A50411DB9C8B /* Products */;
			projectDirPath = "";
			projectRoot = "";
			targets = (
				D2AAC07D0554694100DB518D /* motive */,
			);
		};
/* End PBXProject section */

/* Begin PBXSourcesBuildPhase section */
		D2AAC07B0554694100DB518D /* Sources */ = {
			isa = PBXSourcesBuildPhase;
			buildActionMask = 2147483647;
			files = (
				E26B59B90F3A884E0036AAB0 /* NSArray+CocoaDevUsersAdditions.m in Sources */,
				E26B59CD0F3A89010036AAB0 /* NSSet+CocoaDevUsersAdditions.m in Sources */,
				E26B59E10F3A89C60036AAB0 /* NSData+CocoaDevUsersAdditions.m in Sources */,
				E280BF670F425849002658B4 /* FMDatabase.m in Sources */,
				E280BF690F425849002658B4 /* FMDatabaseAdditions.m in Sources */,
				E280BF6B0F425849002658B4 /* FMResultSet.m in Sources */,
				E280BF730F425868002658B4 /* MVHttp.m in Sources */,
				E23217000F4921CD00B79FC9 /* AdMobHelper.m in Sources */,
				E23217020F4921CD00B79FC9 /* NSString+File.m in Sources */,
				E23217110F49227900B79FC9 /* MVOption.m in Sources */,
				E232171A0F49254A00B79FC9 /* MVP2.m in Sources */,
			);
			runOnlyForDeploymentPostprocessing = 0;
		};
/* End PBXSourcesBuildPhase section */

/* Begin XCBuildConfiguration section */
		1DEB921F08733DC00010E9CD /* Debug */ = {
			isa = XCBuildConfiguration;
			buildSettings = {
				ALWAYS_SEARCH_USER_PATHS = NO;
				ARCHS = "$(ARCHS_STANDARD_32_BIT)";
				COPY_PHASE_STRIP = NO;
				GCC_DYNAMIC_NO_PIC = NO;
				GCC_ENABLE_FIX_AND_CONTINUE = YES;
				GCC_MODEL_TUNING = G5;
				GCC_OPTIMIZATION_LEVEL = 0;
				GCC_PRECOMPILE_PREFIX_HEADER = YES;
				GCC_PREFIX_HEADER = motive_Prefix.pch;
				INSTALL_PATH = /usr/local/lib;
				ONLY_ACTIVE_ARCH = YES;
				PRODUCT_NAME = motive;
			};
			name = Debug;
		};
		1DEB922008733DC00010E9CD /* Release */ = {
			isa = XCBuildConfiguration;
			buildSettings = {
				ALWAYS_SEARCH_USER_PATHS = NO;
				ARCHS = "$(ARCHS_STANDARD_32_BIT)";
				DEBUG_INFORMATION_FORMAT = "dwarf-with-dsym";
				GCC_MODEL_TUNING = G5;
				GCC_PRECOMPILE_PREFIX_HEADER = YES;
				GCC_PREFIX_HEADER = motive_Prefix.pch;
				INSTALL_PATH = /usr/local/lib;
				PRODUCT_NAME = motive;
			};
			name = Release;
		};
		1DEB922308733DC00010E9CD /* Debug */ = {
			isa = XCBuildConfiguration;
			buildSettings = {
				ARCHS = "$(ARCHS_STANDARD_32_BIT)";
				GCC_C_LANGUAGE_STANDARD = c99;
				GCC_OPTIMIZATION_LEVEL = 0;
				GCC_WARN_ABOUT_RETURN_TYPE = YES;
				GCC_WARN_UNUSED_VARIABLE = YES;
				ONLY_ACTIVE_ARCH = YES;
				PREBINDING = NO;
				SDKROOT = iphoneos2.2;
			};
			name = Debug;
		};
		1DEB922408733DC00010E9CD /* Release */ = {
			isa = XCBuildConfiguration;
			buildSettings = {
				ARCHS = "$(ARCHS_STANDARD_32_BIT)";
				GCC_C_LANGUAGE_STANDARD = c99;
				GCC_WARN_ABOUT_RETURN_TYPE = YES;
				GCC_WARN_UNUSED_VARIABLE = YES;
				PREBINDING = NO;
				SDKROOT = iphoneos2.2;
			};
			name = Release;
		};
/* End XCBuildConfiguration section */

/* Begin XCConfigurationList section */
		1DEB921E08733DC00010E9CD /* Build configuration list for PBXNativeTarget "motive" */ = {
			isa = XCConfigurationList;
			buildConfigurations = (
				1DEB921F08733DC00010E9CD /* Debug */,
				1DEB922008733DC00010E9CD /* Release */,
			);
			defaultConfigurationIsVisible = 0;
			defaultConfigurationName = Release;
		};
		1DEB922208733DC00010E9CD /* Build configuration list for PBXProject "motive" */ = {
			isa = XCConfigurationList;
			buildConfigurations = (
				1DEB922308733DC00010E9CD /* Debug */,
				1DEB922408733DC00010E9CD /* Release */,
			);
			defaultConfigurationIsVisible = 0;
			defaultConfigurationName = Release;
		};
/* End XCConfigurationList section */
	};
	rootObject = 0867D690FE84028FC02AAC07 /* Project object */;
}
